// !$*UTF8*$!
{
	archiveVersion = 1;
	classes = {
	};
	objectVersion = 55;
	objects = {

/* Begin PBXBuildFile section */
		C4D7854B283E16700044F7A0 /* lab10App.swift in Sources */ = {isa = PBXBuildFile; fileRef = C4D7854A283E16700044F7A0 /* lab10App.swift */; };
		C4D7854D283E16700044F7A0 /* ContentView.swift in Sources */ = {isa = PBXBuildFile; fileRef = C4D7854C283E16700044F7A0 /* ContentView.swift */; };
		C4D7854F283E16730044F7A0 /* Assets.xcassets in Resources */ = {isa = PBXBuildFile; fileRef = C4D7854E283E16730044F7A0 /* Assets.xcassets */; };
		C4D78552283E16730044F7A0 /* Preview Assets.xcassets in Resources */ = {isa = PBXBuildFile; fileRef = C4D78551283E16730044F7A0 /* Preview Assets.xcassets */; };
		C4D7855C283E16730044F7A0 /* lab10Tests.swift in Sources */ = {isa = PBXBuildFile; fileRef = C4D7855B283E16730044F7A0 /* lab10Tests.swift */; };
		C4D78566283E16730044F7A0 /* lab10UITests.swift in Sources */ = {isa = PBXBuildFile; fileRef = C4D78565283E16730044F7A0 /* lab10UITests.swift */; };
		C4D78568283E16730044F7A0 /* lab10UITestsLaunchTests.swift in Sources */ = {isa = PBXBuildFile; fileRef = C4D78567283E16730044F7A0 /* lab10UITestsLaunchTests.swift */; };
		C4D78575284735F20044F7A0 /* GoogleService-Info.plist in Resources */ = {isa = PBXBuildFile; fileRef = C4D78574284735F20044F7A0 /* GoogleService-Info.plist */; };
		C4D78578284737000044F7A0 /* FirebaseAuth in Frameworks */ = {isa = PBXBuildFile; productRef = C4D78577284737000044F7A0 /* FirebaseAuth */; };
		C4D7857A284737000044F7A0 /* FirebaseFirestore in Frameworks */ = {isa = PBXBuildFile; productRef = C4D78579284737000044F7A0 /* FirebaseFirestore */; };
		C4D7857C284737000044F7A0 /* FirebaseStorage in Frameworks */ = {isa = PBXBuildFile; productRef = C4D7857B284737000044F7A0 /* FirebaseStorage */; };
		C4D7857E284737930044F7A0 /* AppDelegate.swift in Sources */ = {isa = PBXBuildFile; fileRef = C4D7857D284737930044F7A0 /* AppDelegate.swift */; };
		C4D7858428473AB10044F7A0 /* User.swift in Sources */ = {isa = PBXBuildFile; fileRef = C4D7858328473AB10044F7A0 /* User.swift */; };
		C4D7858628473EBA0044F7A0 /* LoginView.swift in Sources */ = {isa = PBXBuildFile; fileRef = C4D7858528473EBA0044F7A0 /* LoginView.swift */; };
		C4D785882847437D0044F7A0 /* RegisterView.swift in Sources */ = {isa = PBXBuildFile; fileRef = C4D785872847437D0044F7A0 /* RegisterView.swift */; };
		C4D7858A28474A870044F7A0 /* ProfileView.swift in Sources */ = {isa = PBXBuildFile; fileRef = C4D7858928474A870044F7A0 /* ProfileView.swift */; };
		C4D7858F2847689C0044F7A0 /* customButton.swift in Sources */ = {isa = PBXBuildFile; fileRef = C4D7858E2847689C0044F7A0 /* customButton.swift */; };
/* End PBXBuildFile section */

/* Begin PBXContainerItemProxy section */
		C4D78558283E16730044F7A0 /* PBXContainerItemProxy */ = {
			isa = PBXContainerItemProxy;
			containerPortal = C4D7853F283E16700044F7A0 /* Project object */;
			proxyType = 1;
			remoteGlobalIDString = C4D78546283E16700044F7A0;
			remoteInfo = lab10;
		};
		C4D78562283E16730044F7A0 /* PBXContainerItemProxy */ = {
			isa = PBXContainerItemProxy;
			containerPortal = C4D7853F283E16700044F7A0 /* Project object */;
			proxyType = 1;
			remoteGlobalIDString = C4D78546283E16700044F7A0;
			remoteInfo = lab10;
		};
/* End PBXContainerItemProxy section */

/* Begin PBXFileReference section */
		C4D78547283E16700044F7A0 /* lab10.app */ = {isa = PBXFileReference; explicitFileType = wrapper.application; includeInIndex = 0; path = lab10.app; sourceTree = BUILT_PRODUCTS_DIR; };
		C4D7854A283E16700044F7A0 /* lab10App.swift */ = {isa = PBXFileReference; lastKnownFileType = sourcecode.swift; path = lab10App.swift; sourceTree = "<group>"; };
		C4D7854C283E16700044F7A0 /* ContentView.swift */ = {isa = PBXFileReference; lastKnownFileType = sourcecode.swift; path = ContentView.swift; sourceTree = "<group>"; };
		C4D7854E283E16730044F7A0 /* Assets.xcassets */ = {isa = PBXFileReference; lastKnownFileType = folder.assetcatalog; path = Assets.xcassets; sourceTree = "<group>"; };
		C4D78551283E16730044F7A0 /* Preview Assets.xcassets */ = {isa = PBXFileReference; lastKnownFileType = folder.assetcatalog; path = "Preview Assets.xcassets"; sourceTree = "<group>"; };
		C4D78557283E16730044F7A0 /* lab10Tests.xctest */ = {isa = PBXFileReference; explicitFileType = wrapper.cfbundle; includeInIndex = 0; path = lab10Tests.xctest; sourceTree = BUILT_PRODUCTS_DIR; };
		C4D7855B283E16730044F7A0 /* lab10Tests.swift */ = {isa = PBXFileReference; lastKnownFileType = sourcecode.swift; path = lab10Tests.swift; sourceTree = "<group>"; };
		C4D78561283E16730044F7A0 /* lab10UITests.xctest */ = {isa = PBXFileReference; explicitFileType = wrapper.cfbundle; includeInIndex = 0; path = lab10UITests.xctest; sourceTree = BUILT_PRODUCTS_DIR; };
		C4D78565283E16730044F7A0 /* lab10UITests.swift */ = {isa = PBXFileReference; lastKnownFileType = sourcecode.swift; path = lab10UITests.swift; sourceTree = "<group>"; };
		C4D78567283E16730044F7A0 /* lab10UITestsLaunchTests.swift */ = {isa = PBXFileReference; lastKnownFileType = sourcecode.swift; path = lab10UITestsLaunchTests.swift; sourceTree = "<group>"; };
		C4D78574284735F20044F7A0 /* GoogleService-Info.plist */ = {isa = PBXFileReference; fileEncoding = 4; lastKnownFileType = text.plist.xml; path = "GoogleService-Info.plist"; sourceTree = "<group>"; };
		C4D7857D284737930044F7A0 /* AppDelegate.swift */ = {isa = PBXFileReference; lastKnownFileType = sourcecode.swift; path = AppDelegate.swift; sourceTree = "<group>"; };
		C4D7858328473AB10044F7A0 /* User.swift */ = {isa = PBXFileReference; lastKnownFileType = sourcecode.swift; path = User.swift; sourceTree = "<group>"; };
		C4D7858528473EBA0044F7A0 /* LoginView.swift */ = {isa = PBXFileReference; lastKnownFileType = sourcecode.swift; path = LoginView.swift; sourceTree = "<group>"; };
		C4D785872847437D0044F7A0 /* RegisterView.swift */ = {isa = PBXFileReference; lastKnownFileType = sourcecode.swift; path = RegisterView.swift; sourceTree = "<group>"; };
		C4D7858928474A870044F7A0 /* ProfileView.swift */ = {isa = PBXFileReference; lastKnownFileType = sourcecode.swift; path = ProfileView.swift; sourceTree = "<group>"; };
		C4D7858E2847689C0044F7A0 /* customButton.swift */ = {isa = PBXFileReference; lastKnownFileType = sourcecode.swift; path = customButton.swift; sourceTree = "<group>"; };
/* End PBXFileReference section */

/* Begin PBXFrameworksBuildPhase section */
		C4D78544283E16700044F7A0 /* Frameworks */ = {
			isa = PBXFrameworksBuildPhase;
			buildActionMask = 2147483647;
			files = (
				C4D78578284737000044F7A0 /* FirebaseAuth in Frameworks */,
				C4D7857A284737000044F7A0 /* FirebaseFirestore in Frameworks */,
				C4D7857C284737000044F7A0 /* FirebaseStorage in Frameworks */,
			);
			runOnlyForDeploymentPostprocessing = 0;
		};
		C4D78554283E16730044F7A0 /* Frameworks */ = {
			isa = PBXFrameworksBuildPhase;
			buildActionMask = 2147483647;
			files = (
			);
			runOnlyForDeploymentPostprocessing = 0;
		};
		C4D7855E283E16730044F7A0 /* Frameworks */ = {
			isa = PBXFrameworksBuildPhase;
			buildActionMask = 2147483647;
			files = (
			);
			runOnlyForDeploymentPostprocessing = 0;
		};
/* End PBXFrameworksBuildPhase section */

/* Begin PBXGroup section */
		C4D7853E283E16700044F7A0 = {
			isa = PBXGroup;
			children = (
				C4D78549283E16700044F7A0 /* lab10 */,
				C4D7855A283E16730044F7A0 /* lab10Tests */,
				C4D78564283E16730044F7A0 /* lab10UITests */,
				C4D78548283E16700044F7A0 /* Products */,
			);
			sourceTree = "<group>";
		};
		C4D78548283E16700044F7A0 /* Products */ = {
			isa = PBXGroup;
			children = (
				C4D78547283E16700044F7A0 /* lab10.app */,
				C4D78557283E16730044F7A0 /* lab10Tests.xctest */,
				C4D78561283E16730044F7A0 /* lab10UITests.xctest */,
			);
			name = Products;
			sourceTree = "<group>";
		};
		C4D78549283E16700044F7A0 /* lab10 */ = {
			isa = PBXGroup;
			children = (
				C4D7858B284767FD0044F7A0 /* conponents */,
				C4D7854A283E16700044F7A0 /* lab10App.swift */,
				C4D7857D284737930044F7A0 /* AppDelegate.swift */,
				C4D7854C283E16700044F7A0 /* ContentView.swift */,
				C4D7858528473EBA0044F7A0 /* LoginView.swift */,
				C4D785872847437D0044F7A0 /* RegisterView.swift */,
				C4D7858928474A870044F7A0 /* ProfileView.swift */,
				C4D7858328473AB10044F7A0 /* User.swift */,
				C4D7854E283E16730044F7A0 /* Assets.xcassets */,
				C4D78574284735F20044F7A0 /* GoogleService-Info.plist */,
				C4D78550283E16730044F7A0 /* Preview Content */,
			);
			path = lab10;
			sourceTree = "<group>";
		};
		C4D78550283E16730044F7A0 /* Preview Content */ = {
			isa = PBXGroup;
			children = (
				C4D78551283E16730044F7A0 /* Preview Assets.xcassets */,
			);
			path = "Preview Content";
			sourceTree = "<group>";
		};
		C4D7855A283E16730044F7A0 /* lab10Tests */ = {
			isa = PBXGroup;
			children = (
				C4D7855B283E16730044F7A0 /* lab10Tests.swift */,
			);
			path = lab10Tests;
			sourceTree = "<group>";
		};
		C4D78564283E16730044F7A0 /* lab10UITests */ = {
			isa = PBXGroup;
			children = (
				C4D78565283E16730044F7A0 /* lab10UITests.swift */,
				C4D78567283E16730044F7A0 /* lab10UITestsLaunchTests.swift */,
			);
			path = lab10UITests;
			sourceTree = "<group>";
		};
		C4D7858B284767FD0044F7A0 /* conponents */ = {
			isa = PBXGroup;
			children = (
				C4D7858E2847689C0044F7A0 /* customButton.swift */,
			);
			path = conponents;
			sourceTree = "<group>";
		};
/* End PBXGroup section */

/* Begin PBXNativeTarget section */
		C4D78546283E16700044F7A0 /* lab10 */ = {
			isa = PBXNativeTarget;
			buildConfigurationList = C4D7856B283E16730044F7A0 /* Build configuration list for PBXNativeTarget "lab10" */;
			buildPhases = (
				C4D78543283E16700044F7A0 /* Sources */,
				C4D78544283E16700044F7A0 /* Frameworks */,
				C4D78545283E16700044F7A0 /* Resources */,
			);
			buildRules = (
			);
			dependencies = (
			);
			name = lab10;
			packageProductDependencies = (
				C4D78577284737000044F7A0 /* FirebaseAuth */,
				C4D78579284737000044F7A0 /* FirebaseFirestore */,
				C4D7857B284737000044F7A0 /* FirebaseStorage */,
			);
			productName = lab10;
			productReference = C4D78547283E16700044F7A0 /* lab10.app */;
			productType = "com.apple.product-type.application";
		};
		C4D78556283E16730044F7A0 /* lab10Tests */ = {
			isa = PBXNativeTarget;
			buildConfigurationList = C4D7856E283E16730044F7A0 /* Build configuration list for PBXNativeTarget "lab10Tests" */;
			buildPhases = (
				C4D78553283E16730044F7A0 /* Sources */,
				C4D78554283E16730044F7A0 /* Frameworks */,
				C4D78555283E16730044F7A0 /* Resources */,
			);
			buildRules = (
			);
			dependencies = (
				C4D78559283E16730044F7A0 /* PBXTargetDependency */,
			);
			name = lab10Tests;
			productName = lab10Tests;
			productReference = C4D78557283E16730044F7A0 /* lab10Tests.xctest */;
			productType = "com.apple.product-type.bundle.unit-test";
		};
		C4D78560283E16730044F7A0 /* lab10UITests */ = {
			isa = PBXNativeTarget;
			buildConfigurationList = C4D78571283E16730044F7A0 /* Build configuration list for PBXNativeTarget "lab10UITests" */;
			buildPhases = (
				C4D7855D283E16730044F7A0 /* Sources */,
				C4D7855E283E16730044F7A0 /* Frameworks */,
				C4D7855F283E16730044F7A0 /* Resources */,
			);
			buildRules = (
			);
			dependencies = (
				C4D78563283E16730044F7A0 /* PBXTargetDependency */,
			);
			name = lab10UITests;
			productName = lab10UITests;
			productReference = C4D78561283E16730044F7A0 /* lab10UITests.xctest */;
			productType = "com.apple.product-type.bundle.ui-testing";
		};
/* End PBXNativeTarget section */

/* Begin PBXProject section */
		C4D7853F283E16700044F7A0 /* Project object */ = {
			isa = PBXProject;
			attributes = {
				BuildIndependentTargetsInParallel = 1;
				LastSwiftUpdateCheck = 1320;
				LastUpgradeCheck = 1320;
				TargetAttributes = {
					C4D78546283E16700044F7A0 = {
						CreatedOnToolsVersion = 13.2.1;
					};
					C4D78556283E16730044F7A0 = {
						CreatedOnToolsVersion = 13.2.1;
						TestTargetID = C4D78546283E16700044F7A0;
					};
					C4D78560283E16730044F7A0 = {
						CreatedOnToolsVersion = 13.2.1;
						TestTargetID = C4D78546283E16700044F7A0;
					};
				};
			};
			buildConfigurationList = C4D78542283E16700044F7A0 /* Build configuration list for PBXProject "lab10" */;
			compatibilityVersion = "Xcode 13.0";
			developmentRegion = en;
			hasScannedForEncodings = 0;
			knownRegions = (
				en,
				Base,
			);
			mainGroup = C4D7853E283E16700044F7A0;
			packageReferences = (
				C4D78576284737000044F7A0 /* XCRemoteSwiftPackageReference "firebase-ios-sdk" */,
			);
			productRefGroup = C4D78548283E16700044F7A0 /* Products */;
			projectDirPath = "";
			projectRoot = "";
			targets = (
				C4D78546283E16700044F7A0 /* lab10 */,
				C4D78556283E16730044F7A0 /* lab10Tests */,
				C4D78560283E16730044F7A0 /* lab10UITests */,
			);
		};
/* End PBXProject section */

/* Begin PBXResourcesBuildPhase section */
		C4D78545283E16700044F7A0 /* Resources */ = {
			isa = PBXResourcesBuildPhase;
			buildActionMask = 2147483647;
			files = (
				C4D78552283E16730044F7A0 /* Preview Assets.xcassets in Resources */,
				C4D7854F283E16730044F7A0 /* Assets.xcassets in Resources */,
				C4D78575284735F20044F7A0 /* GoogleService-Info.plist in Resources */,
			);
			runOnlyForDeploymentPostprocessing = 0;
		};
		C4D78555283E16730044F7A0 /* Resources */ = {
			isa = PBXResourcesBuildPhase;
			buildActionMask = 2147483647;
			files = (
			);
			runOnlyForDeploymentPostprocessing = 0;
		};
		C4D7855F283E16730044F7A0 /* Resources */ = {
			isa = PBXResourcesBuildPhase;
			buildActionMask = 2147483647;
			files = (
			);
			runOnlyForDeploymentPostprocessing = 0;
		};
/* End PBXResourcesBuildPhase section */

/* Begin PBXSourcesBuildPhase section */
		C4D78543283E16700044F7A0 /* Sources */ = {
			isa = PBXSourcesBuildPhase;
			buildActionMask = 2147483647;
			files = (
				C4D7858428473AB10044F7A0 /* User.swift in Sources */,
				C4D7857E284737930044F7A0 /* AppDelegate.swift in Sources */,
				C4D7854D283E16700044F7A0 /* ContentView.swift in Sources */,
				C4D785882847437D0044F7A0 /* RegisterView.swift in Sources */,
				C4D7858F2847689C0044F7A0 /* customButton.swift in Sources */,
				C4D7858628473EBA0044F7A0 /* LoginView.swift in Sources */,
				C4D7858A28474A870044F7A0 /* ProfileView.swift in Sources */,
				C4D7854B283E16700044F7A0 /* lab10App.swift in Sources */,
			);
			runOnlyForDeploymentPostprocessing = 0;
		};
		C4D78553283E16730044F7A0 /* Sources */ = {
			isa = PBXSourcesBuildPhase;
			buildActionMask = 2147483647;
			files = (
				C4D7855C283E16730044F7A0 /* lab10Tests.swift in Sources */,
			);
			runOnlyForDeploymentPostprocessing = 0;
		};
		C4D7855D283E16730044F7A0 /* Sources */ = {
			isa = PBXSourcesBuildPhase;
			buildActionMask = 2147483647;
			files = (
				C4D78566283E16730044F7A0 /* lab10UITests.swift in Sources */,
				C4D78568283E16730044F7A0 /* lab10UITestsLaunchTests.swift in Sources */,
			);
			runOnlyForDeploymentPostprocessing = 0;
		};
/* End PBXSourcesBuildPhase section */

/* Begin PBXTargetDependency section */
		C4D78559283E16730044F7A0 /* PBXTargetDependency */ = {
			isa = PBXTargetDependency;
			target = C4D78546283E16700044F7A0 /* lab10 */;
			targetProxy = C4D78558283E16730044F7A0 /* PBXContainerItemProxy */;
		};
		C4D78563283E16730044F7A0 /* PBXTargetDependency */ = {
			isa = PBXTargetDependency;
			target = C4D78546283E16700044F7A0 /* lab10 */;
			targetProxy = C4D78562283E16730044F7A0 /* PBXContainerItemProxy */;
		};
/* End PBXTargetDependency section */

/* Begin XCBuildConfiguration section */
		C4D78569283E16730044F7A0 /* Debug */ = {
			isa = XCBuildConfiguration;
			buildSettings = {
				ALWAYS_SEARCH_USER_PATHS = NO;
				CLANG_ANALYZER_NONNULL = YES;
				CLANG_ANALYZER_NUMBER_OBJECT_CONVERSION = YES_AGGRESSIVE;
				CLANG_CXX_LANGUAGE_STANDARD = "gnu++17";
				CLANG_CXX_LIBRARY = "libc++";
				CLANG_ENABLE_MODULES = YES;
				CLANG_ENABLE_OBJC_ARC = YES;
				CLANG_ENABLE_OBJC_WEAK = YES;
				CLANG_WARN_BLOCK_CAPTURE_AUTORELEASING = YES;
				CLANG_WARN_BOOL_CONVERSION = YES;
				CLANG_WARN_COMMA = YES;
				CLANG_WARN_CONSTANT_CONVERSION = YES;
				CLANG_WARN_DEPRECATED_OBJC_IMPLEMENTATIONS = YES;
				CLANG_WARN_DIRECT_OBJC_ISA_USAGE = YES_ERROR;
				CLANG_WARN_DOCUMENTATION_COMMENTS = YES;
				CLANG_WARN_EMPTY_BODY = YES;
				CLANG_WARN_ENUM_CONVERSION = YES;
				CLANG_WARN_INFINITE_RECURSION = YES;
				CLANG_WARN_INT_CONVERSION = YES;
				CLANG_WARN_NON_LITERAL_NULL_CONVERSION = YES;
				CLANG_WARN_OBJC_IMPLICIT_RETAIN_SELF = YES;
				CLANG_WARN_OBJC_LITERAL_CONVERSION = YES;
				CLANG_WARN_OBJC_ROOT_CLASS = YES_ERROR;
				CLANG_WARN_QUOTED_INCLUDE_IN_FRAMEWORK_HEADER = YES;
				CLANG_WARN_RANGE_LOOP_ANALYSIS = YES;
				CLANG_WARN_STRICT_PROTOTYPES = YES;
				CLANG_WARN_SUSPICIOUS_MOVE = YES;
				CLANG_WARN_UNGUARDED_AVAILABILITY = YES_AGGRESSIVE;
				CLANG_WARN_UNREACHABLE_CODE = YES;
				CLANG_WARN__DUPLICATE_METHOD_MATCH = YES;
				COPY_PHASE_STRIP = NO;
				DEBUG_INFORMATION_FORMAT = dwarf;
				ENABLE_STRICT_OBJC_MSGSEND = YES;
				ENABLE_TESTABILITY = YES;
				GCC_C_LANGUAGE_STANDARD = gnu11;
				GCC_DYNAMIC_NO_PIC = NO;
				GCC_NO_COMMON_BLOCKS = YES;
				GCC_OPTIMIZATION_LEVEL = 0;
				GCC_PREPROCESSOR_DEFINITIONS = (
					"DEBUG=1",
					"$(inherited)",
				);
				GCC_WARN_64_TO_32_BIT_CONVERSION = YES;
				GCC_WARN_ABOUT_RETURN_TYPE = YES_ERROR;
				GCC_WARN_UNDECLARED_SELECTOR = YES;
				GCC_WARN_UNINITIALIZED_AUTOS = YES_AGGRESSIVE;
				GCC_WARN_UNUSED_FUNCTION = YES;
				GCC_WARN_UNUSED_VARIABLE = YES;
				IPHONEOS_DEPLOYMENT_TARGET = 15.2;
				MTL_ENABLE_DEBUG_INFO = INCLUDE_SOURCE;
				MTL_FAST_MATH = YES;
				ONLY_ACTIVE_ARCH = YES;
				SDKROOT = iphoneos;
				SWIFT_ACTIVE_COMPILATION_CONDITIONS = DEBUG;
				SWIFT_OPTIMIZATION_LEVEL = "-Onone";
			};
			name = Debug;
		};
		C4D7856A283E16730044F7A0 /* Release */ = {
			isa = XCBuildConfiguration;
			buildSettings = {
				ALWAYS_SEARCH_USER_PATHS = NO;
				CLANG_ANALYZER_NONNULL = YES;
				CLANG_ANALYZER_NUMBER_OBJECT_CONVERSION = YES_AGGRESSIVE;
				CLANG_CXX_LANGUAGE_STANDARD = "gnu++17";
				CLANG_CXX_LIBRARY = "libc++";
				CLANG_ENABLE_MODULES = YES;
				CLANG_ENABLE_OBJC_ARC = YES;
				CLANG_ENABLE_OBJC_WEAK = YES;
				CLANG_WARN_BLOCK_CAPTURE_AUTORELEASING = YES;
				CLANG_WARN_BOOL_CONVERSION = YES;
				CLANG_WARN_COMMA = YES;
				CLANG_WARN_CONSTANT_CONVERSION = YES;
				CLANG_WARN_DEPRECATED_OBJC_IMPLEMENTATIONS = YES;
				CLANG_WARN_DIRECT_OBJC_ISA_USAGE = YES_ERROR;
				CLANG_WARN_DOCUMENTATION_COMMENTS = YES;
				CLANG_WARN_EMPTY_BODY = YES;
				CLANG_WARN_ENUM_CONVERSION = YES;
				CLANG_WARN_INFINITE_RECURSION = YES;
				CLANG_WARN_INT_CONVERSION = YES;
				CLANG_WARN_NON_LITERAL_NULL_CONVERSION = YES;
				CLANG_WARN_OBJC_IMPLICIT_RETAIN_SELF = YES;
				CLANG_WARN_OBJC_LITERAL_CONVERSION = YES;
				CLANG_WARN_OBJC_ROOT_CLASS = YES_ERROR;
				CLANG_WARN_QUOTED_INCLUDE_IN_FRAMEWORK_HEADER = YES;
				CLANG_WARN_RANGE_LOOP_ANALYSIS = YES;
				CLANG_WARN_STRICT_PROTOTYPES = YES;
				CLANG_WARN_SUSPICIOUS_MOVE = YES;
				CLANG_WARN_UNGUARDED_AVAILABILITY = YES_AGGRESSIVE;
				CLANG_WARN_UNREACHABLE_CODE = YES;
				CLANG_WARN__DUPLICATE_METHOD_MATCH = YES;
				COPY_PHASE_STRIP = NO;
				DEBUG_INFORMATION_FORMAT = "dwarf-with-dsym";
				ENABLE_NS_ASSERTIONS = NO;
				ENABLE_STRICT_OBJC_MSGSEND = YES;
				GCC_C_LANGUAGE_STANDARD = gnu11;
				GCC_NO_COMMON_BLOCKS = YES;
				GCC_WARN_64_TO_32_BIT_CONVERSION = YES;
				GCC_WARN_ABOUT_RETURN_TYPE = YES_ERROR;
				GCC_WARN_UNDECLARED_SELECTOR = YES;
				GCC_WARN_UNINITIALIZED_AUTOS = YES_AGGRESSIVE;
				GCC_WARN_UNUSED_FUNCTION = YES;
				GCC_WARN_UNUSED_VARIABLE = YES;
				IPHONEOS_DEPLOYMENT_TARGET = 15.2;
				MTL_ENABLE_DEBUG_INFO = NO;
				MTL_FAST_MATH = YES;
				SDKROOT = iphoneos;
				SWIFT_COMPILATION_MODE = wholemodule;
				SWIFT_OPTIMIZATION_LEVEL = "-O";
				VALIDATE_PRODUCT = YES;
			};
			name = Release;
		};
		C4D7856C283E16730044F7A0 /* Debug */ = {
			isa = XCBuildConfiguration;
			buildSettings = {
				ASSETCATALOG_COMPILER_APPICON_NAME = AppIcon;
				ASSETCATALOG_COMPILER_GLOBAL_ACCENT_COLOR_NAME = AccentColor;
				CODE_SIGN_STYLE = Automatic;
				CURRENT_PROJECT_VERSION = 1;
				DEVELOPMENT_ASSET_PATHS = "\"lab10/Preview Content\"";
				ENABLE_PREVIEWS = YES;
				GENERATE_INFOPLIST_FILE = YES;
				INFOPLIST_KEY_UIApplicationSceneManifest_Generation = YES;
				INFOPLIST_KEY_UIApplicationSupportsIndirectInputEvents = YES;
				INFOPLIST_KEY_UILaunchScreen_Generation = YES;
				INFOPLIST_KEY_UISupportedInterfaceOrientations_iPad = "UIInterfaceOrientationPortrait UIInterfaceOrientationPortraitUpsideDown UIInterfaceOrientationLandscapeLeft UIInterfaceOrientationLandscapeRight";
				INFOPLIST_KEY_UISupportedInterfaceOrientations_iPhone = "UIInterfaceOrientationPortrait UIInterfaceOrientationLandscapeLeft UIInterfaceOrientationLandscapeRight";
				LD_RUNPATH_SEARCH_PATHS = (
					"$(inherited)",
					"@executable_path/Frameworks",
				);
				MARKETING_VERSION = 1.0;
				PRODUCT_BUNDLE_IDENTIFIER = t108590025.lab10;
				PRODUCT_NAME = "$(TARGET_NAME)";
				SWIFT_EMIT_LOC_STRINGS = YES;
				SWIFT_VERSION = 5.0;
				TARGETED_DEVICE_FAMILY = "1,2";
			};
			name = Debug;
		};
		C4D7856D283E16730044F7A0 /* Release */ = {
			isa = XCBuildConfiguration;
			buildSettings = {
				ASSETCATALOG_COMPILER_APPICON_NAME = AppIcon;
				ASSETCATALOG_COMPILER_GLOBAL_ACCENT_COLOR_NAME = AccentColor;
				CODE_SIGN_STYLE = Automatic;
				CURRENT_PROJECT_VERSION = 1;
				DEVELOPMENT_ASSET_PATHS = "\"lab10/Preview Content\"";
				ENABLE_PREVIEWS = YES;
				GENERATE_INFOPLIST_FILE = YES;
				INFOPLIST_KEY_UIApplicationSceneManifest_Generation = YES;
				INFOPLIST_KEY_UIApplicationSupportsIndirectInputEvents = YES;
				INFOPLIST_KEY_UILaunchScreen_Generation = YES;
				INFOPLIST_KEY_UISupportedInterfaceOrientations_iPad = "UIInterfaceOrientationPortrait UIInterfaceOrientationPortraitUpsideDown UIInterfaceOrientationLandscapeLeft UIInterfaceOrientationLandscapeRight";
				INFOPLIST_KEY_UISupportedInterfaceOrientations_iPhone = "UIInterfaceOrientationPortrait UIInterfaceOrientationLandscapeLeft UIInterfaceOrientationLandscapeRight";
				LD_RUNPATH_SEARCH_PATHS = (
					"$(inherited)",
					"@executable_path/Frameworks",
				);
				MARKETING_VERSION = 1.0;
				PRODUCT_BUNDLE_IDENTIFIER = t108590025.lab10;
				PRODUCT_NAME = "$(TARGET_NAME)";
				SWIFT_EMIT_LOC_STRINGS = YES;
				SWIFT_VERSION = 5.0;
				TARGETED_DEVICE_FAMILY = "1,2";
			};
			name = Release;
		};
		C4D7856F283E16730044F7A0 /* Debug */ = {
			isa = XCBuildConfiguration;
			buildSettings = {
				ALWAYS_EMBED_SWIFT_STANDARD_LIBRARIES = YES;
				BUNDLE_LOADER = "$(TEST_HOST)";
				CODE_SIGN_STYLE = Automatic;
				CURRENT_PROJECT_VERSION = 1;
				GENERATE_INFOPLIST_FILE = YES;
				IPHONEOS_DEPLOYMENT_TARGET = 15.2;
				MARKETING_VERSION = 1.0;
				PRODUCT_BUNDLE_IDENTIFIER = t108590025.lab10Tests;
				PRODUCT_NAME = "$(TARGET_NAME)";
				SWIFT_EMIT_LOC_STRINGS = NO;
				SWIFT_VERSION = 5.0;
				TARGETED_DEVICE_FAMILY = "1,2";
				TEST_HOST = "$(BUILT_PRODUCTS_DIR)/lab10.app/lab10";
			};
			name = Debug;
		};
		C4D78570283E16730044F7A0 /* Release */ = {
			isa = XCBuildConfiguration;
			buildSettings = {
				ALWAYS_EMBED_SWIFT_STANDARD_LIBRARIES = YES;
				BUNDLE_LOADER = "$(TEST_HOST)";
				CODE_SIGN_STYLE = Automatic;
				CURRENT_PROJECT_VERSION = 1;
				GENERATE_INFOPLIST_FILE = YES;
				IPHONEOS_DEPLOYMENT_TARGET = 15.2;
				MARKETING_VERSION = 1.0;
				PRODUCT_BUNDLE_IDENTIFIER = t108590025.lab10Tests;
				PRODUCT_NAME = "$(TARGET_NAME)";
				SWIFT_EMIT_LOC_STRINGS = NO;
				SWIFT_VERSION = 5.0;
				TARGETED_DEVICE_FAMILY = "1,2";
				TEST_HOST = "$(BUILT_PRODUCTS_DIR)/lab10.app/lab10";
			};
			name = Release;
		};
		C4D78572283E16730044F7A0 /* Debug */ = {
			isa = XCBuildConfiguration;
			buildSettings = {
				ALWAYS_EMBED_SWIFT_STANDARD_LIBRARIES = YES;
				CODE_SIGN_STYLE = Automatic;
				CURRENT_PROJECT_VERSION = 1;
				GENERATE_INFOPLIST_FILE = YES;
				MARKETING_VERSION = 1.0;
				PRODUCT_BUNDLE_IDENTIFIER = t108590025.lab10UITests;
				PRODUCT_NAME = "$(TARGET_NAME)";
				SWIFT_EMIT_LOC_STRINGS = NO;
				SWIFT_VERSION = 5.0;
				TARGETED_DEVICE_FAMILY = "1,2";
				TEST_TARGET_NAME = lab10;
			};
			name = Debug;
		};
		C4D78573283E16730044F7A0 /* Release */ = {
			isa = XCBuildConfiguration;
			buildSettings = {
				ALWAYS_EMBED_SWIFT_STANDARD_LIBRARIES = YES;
				CODE_SIGN_STYLE = Automatic;
				CURRENT_PROJECT_VERSION = 1;
				GENERATE_INFOPLIST_FILE = YES;
				MARKETING_VERSION = 1.0;
				PRODUCT_BUNDLE_IDENTIFIER = t108590025.lab10UITests;
				PRODUCT_NAME = "$(TARGET_NAME)";
				SWIFT_EMIT_LOC_STRINGS = NO;
				SWIFT_VERSION = 5.0;
				TARGETED_DEVICE_FAMILY = "1,2";
				TEST_TARGET_NAME = lab10;
			};
			name = Release;
		};
/* End XCBuildConfiguration section */

/* Begin XCConfigurationList section */
		C4D78542283E16700044F7A0 /* Build configuration list for PBXProject "lab10" */ = {
			isa = XCConfigurationList;
			buildConfigurations = (
				C4D78569283E16730044F7A0 /* Debug */,
				C4D7856A283E16730044F7A0 /* Release */,
			);
			defaultConfigurationIsVisible = 0;
			defaultConfigurationName = Release;
		};
		C4D7856B283E16730044F7A0 /* Build configuration list for PBXNativeTarget "lab10" */ = {
			isa = XCConfigurationList;
			buildConfigurations = (
				C4D7856C283E16730044F7A0 /* Debug */,
				C4D7856D283E16730044F7A0 /* Release */,
			);
			defaultConfigurationIsVisible = 0;
			defaultConfigurationName = Release;
		};
		C4D7856E283E16730044F7A0 /* Build configuration list for PBXNativeTarget "lab10Tests" */ = {
			isa = XCConfigurationList;
			buildConfigurations = (
				C4D7856F283E16730044F7A0 /* Debug */,
				C4D78570283E16730044F7A0 /* Release */,
			);
			defaultConfigurationIsVisible = 0;
			defaultConfigurationName = Release;
		};
		C4D78571283E16730044F7A0 /* Build configuration list for PBXNativeTarget "lab10UITests" */ = {
			isa = XCConfigurationList;
			buildConfigurations = (
				C4D78572283E16730044F7A0 /* Debug */,
				C4D78573283E16730044F7A0 /* Release */,
			);
			defaultConfigurationIsVisible = 0;
			defaultConfigurationName = Release;
		};
/* End XCConfigurationList section */

/* Begin XCRemoteSwiftPackageReference section */
		C4D78576284737000044F7A0 /* XCRemoteSwiftPackageReference "firebase-ios-sdk" */ = {
			isa = XCRemoteSwiftPackageReference;
			repositoryURL = "https://github.com/firebase/firebase-ios-sdk";
			requirement = {
				kind = upToNextMajorVersion;
				minimumVersion = 9.0.0;
			};
		};
/* End XCRemoteSwiftPackageReference section */

/* Begin XCSwiftPackageProductDependency section */
		C4D78577284737000044F7A0 /* FirebaseAuth */ = {
			isa = XCSwiftPackageProductDependency;
			package = C4D78576284737000044F7A0 /* XCRemoteSwiftPackageReference "firebase-ios-sdk" */;
			productName = FirebaseAuth;
		};
		C4D78579284737000044F7A0 /* FirebaseFirestore */ = {
			isa = XCSwiftPackageProductDependency;
			package = C4D78576284737000044F7A0 /* XCRemoteSwiftPackageReference "firebase-ios-sdk" */;
			productName = FirebaseFirestore;
		};
		C4D7857B284737000044F7A0 /* FirebaseStorage */ = {
			isa = XCSwiftPackageProductDependency;
			package = C4D78576284737000044F7A0 /* XCRemoteSwiftPackageReference "firebase-ios-sdk" */;
			productName = FirebaseStorage;
		};
/* End XCSwiftPackageProductDependency section */
	};
	rootObject = C4D7853F283E16700044F7A0 /* Project object */;
}
