// !$*UTF8*$!
{
	archiveVersion = 1;
	classes = {
	};
	objectVersion = 55;
	objects = {

/* Begin PBXBuildFile section */
		C4D78507283DEBCC0044F7A0 /* lab09App.swift in Sources */ = {isa = PBXBuildFile; fileRef = C4D78506283DEBCC0044F7A0 /* lab09App.swift */; };
		C4D78509283DEBCC0044F7A0 /* ContentView.swift in Sources */ = {isa = PBXBuildFile; fileRef = C4D78508283DEBCC0044F7A0 /* ContentView.swift */; };
		C4D7850B283DEBCE0044F7A0 /* Assets.xcassets in Resources */ = {isa = PBXBuildFile; fileRef = C4D7850A283DEBCE0044F7A0 /* Assets.xcassets */; };
		C4D7850E283DEBCE0044F7A0 /* Preview Assets.xcassets in Resources */ = {isa = PBXBuildFile; fileRef = C4D7850D283DEBCE0044F7A0 /* Preview Assets.xcassets */; };
		C4D78518283DEBCE0044F7A0 /* lab09Tests.swift in Sources */ = {isa = PBXBuildFile; fileRef = C4D78517283DEBCE0044F7A0 /* lab09Tests.swift */; };
		C4D78522283DEBCE0044F7A0 /* lab09UITests.swift in Sources */ = {isa = PBXBuildFile; fileRef = C4D78521283DEBCE0044F7A0 /* lab09UITests.swift */; };
		C4D78524283DEBCE0044F7A0 /* lab09UITestsLaunchTests.swift in Sources */ = {isa = PBXBuildFile; fileRef = C4D78523283DEBCE0044F7A0 /* lab09UITestsLaunchTests.swift */; };
		C4D7853B283DF0E70044F7A0 /* AddDetailView.swift in Sources */ = {isa = PBXBuildFile; fileRef = C4D7853A283DF0E70044F7A0 /* AddDetailView.swift */; };
		C4D7853D283DF4B40044F7A0 /* DetailView.swift in Sources */ = {isa = PBXBuildFile; fileRef = C4D7853C283DF4B40044F7A0 /* DetailView.swift */; };
/* End PBXBuildFile section */

/* Begin PBXContainerItemProxy section */
		C4D78514283DEBCE0044F7A0 /* PBXContainerItemProxy */ = {
			isa = PBXContainerItemProxy;
			containerPortal = C4D784FB283DEBCC0044F7A0 /* Project object */;
			proxyType = 1;
			remoteGlobalIDString = C4D78502283DEBCC0044F7A0;
			remoteInfo = lab09;
		};
		C4D7851E283DEBCE0044F7A0 /* PBXContainerItemProxy */ = {
			isa = PBXContainerItemProxy;
			containerPortal = C4D784FB283DEBCC0044F7A0 /* Project object */;
			proxyType = 1;
			remoteGlobalIDString = C4D78502283DEBCC0044F7A0;
			remoteInfo = lab09;
		};
/* End PBXContainerItemProxy section */

/* Begin PBXFileReference section */
		C4D78503283DEBCC0044F7A0 /* lab09.app */ = {isa = PBXFileReference; explicitFileType = wrapper.application; includeInIndex = 0; path = lab09.app; sourceTree = BUILT_PRODUCTS_DIR; };
		C4D78506283DEBCC0044F7A0 /* lab09App.swift */ = {isa = PBXFileReference; lastKnownFileType = sourcecode.swift; path = lab09App.swift; sourceTree = "<group>"; };
		C4D78508283DEBCC0044F7A0 /* ContentView.swift */ = {isa = PBXFileReference; lastKnownFileType = sourcecode.swift; path = ContentView.swift; sourceTree = "<group>"; };
		C4D7850A283DEBCE0044F7A0 /* Assets.xcassets */ = {isa = PBXFileReference; lastKnownFileType = folder.assetcatalog; path = Assets.xcassets; sourceTree = "<group>"; };
		C4D7850D283DEBCE0044F7A0 /* Preview Assets.xcassets */ = {isa = PBXFileReference; lastKnownFileType = folder.assetcatalog; path = "Preview Assets.xcassets"; sourceTree = "<group>"; };
		C4D78513283DEBCE0044F7A0 /* lab09Tests.xctest */ = {isa = PBXFileReference; explicitFileType = wrapper.cfbundle; includeInIndex = 0; path = lab09Tests.xctest; sourceTree = BUILT_PRODUCTS_DIR; };
		C4D78517283DEBCE0044F7A0 /* lab09Tests.swift */ = {isa = PBXFileReference; lastKnownFileType = sourcecode.swift; path = lab09Tests.swift; sourceTree = "<group>"; };
		C4D7851D283DEBCE0044F7A0 /* lab09UITests.xctest */ = {isa = PBXFileReference; explicitFileType = wrapper.cfbundle; includeInIndex = 0; path = lab09UITests.xctest; sourceTree = BUILT_PRODUCTS_DIR; };
		C4D78521283DEBCE0044F7A0 /* lab09UITests.swift */ = {isa = PBXFileReference; lastKnownFileType = sourcecode.swift; path = lab09UITests.swift; sourceTree = "<group>"; };
		C4D78523283DEBCE0044F7A0 /* lab09UITestsLaunchTests.swift */ = {isa = PBXFileReference; lastKnownFileType = sourcecode.swift; path = lab09UITestsLaunchTests.swift; sourceTree = "<group>"; };
		C4D7853A283DF0E70044F7A0 /* AddDetailView.swift */ = {isa = PBXFileReference; lastKnownFileType = sourcecode.swift; path = AddDetailView.swift; sourceTree = "<group>"; };
		C4D7853C283DF4B40044F7A0 /* DetailView.swift */ = {isa = PBXFileReference; lastKnownFileType = sourcecode.swift; path = DetailView.swift; sourceTree = "<group>"; };
/* End PBXFileReference section */

/* Begin PBXFrameworksBuildPhase section */
		C4D78500283DEBCC0044F7A0 /* Frameworks */ = {
			isa = PBXFrameworksBuildPhase;
			buildActionMask = 2147483647;
			files = (
			);
			runOnlyForDeploymentPostprocessing = 0;
		};
		C4D78510283DEBCE0044F7A0 /* Frameworks */ = {
			isa = PBXFrameworksBuildPhase;
			buildActionMask = 2147483647;
			files = (
			);
			runOnlyForDeploymentPostprocessing = 0;
		};
		C4D7851A283DEBCE0044F7A0 /* Frameworks */ = {
			isa = PBXFrameworksBuildPhase;
			buildActionMask = 2147483647;
			files = (
			);
			runOnlyForDeploymentPostprocessing = 0;
		};
/* End PBXFrameworksBuildPhase section */

/* Begin PBXGroup section */
		C4D784FA283DEBCC0044F7A0 = {
			isa = PBXGroup;
			children = (
				C4D78505283DEBCC0044F7A0 /* lab09 */,
				C4D78516283DEBCE0044F7A0 /* lab09Tests */,
				C4D78520283DEBCE0044F7A0 /* lab09UITests */,
				C4D78504283DEBCC0044F7A0 /* Products */,
			);
			sourceTree = "<group>";
		};
		C4D78504283DEBCC0044F7A0 /* Products */ = {
			isa = PBXGroup;
			children = (
				C4D78503283DEBCC0044F7A0 /* lab09.app */,
				C4D78513283DEBCE0044F7A0 /* lab09Tests.xctest */,
				C4D7851D283DEBCE0044F7A0 /* lab09UITests.xctest */,
			);
			name = Products;
			sourceTree = "<group>";
		};
		C4D78505283DEBCC0044F7A0 /* lab09 */ = {
			isa = PBXGroup;
			children = (
				C4D78506283DEBCC0044F7A0 /* lab09App.swift */,
				C4D78508283DEBCC0044F7A0 /* ContentView.swift */,
				C4D7853C283DF4B40044F7A0 /* DetailView.swift */,
				C4D7853A283DF0E70044F7A0 /* AddDetailView.swift */,
				C4D7850A283DEBCE0044F7A0 /* Assets.xcassets */,
				C4D7850C283DEBCE0044F7A0 /* Preview Content */,
			);
			path = lab09;
			sourceTree = "<group>";
		};
		C4D7850C283DEBCE0044F7A0 /* Preview Content */ = {
			isa = PBXGroup;
			children = (
				C4D7850D283DEBCE0044F7A0 /* Preview Assets.xcassets */,
			);
			path = "Preview Content";
			sourceTree = "<group>";
		};
		C4D78516283DEBCE0044F7A0 /* lab09Tests */ = {
			isa = PBXGroup;
			children = (
				C4D78517283DEBCE0044F7A0 /* lab09Tests.swift */,
			);
			path = lab09Tests;
			sourceTree = "<group>";
		};
		C4D78520283DEBCE0044F7A0 /* lab09UITests */ = {
			isa = PBXGroup;
			children = (
				C4D78521283DEBCE0044F7A0 /* lab09UITests.swift */,
				C4D78523283DEBCE0044F7A0 /* lab09UITestsLaunchTests.swift */,
			);
			path = lab09UITests;
			sourceTree = "<group>";
		};
/* End PBXGroup section */

/* Begin PBXNativeTarget section */
		C4D78502283DEBCC0044F7A0 /* lab09 */ = {
			isa = PBXNativeTarget;
			buildConfigurationList = C4D78527283DEBCE0044F7A0 /* Build configuration list for PBXNativeTarget "lab09" */;
			buildPhases = (
				C4D784FF283DEBCC0044F7A0 /* Sources */,
				C4D78500283DEBCC0044F7A0 /* Frameworks */,
				C4D78501283DEBCC0044F7A0 /* Resources */,
			);
			buildRules = (
			);
			dependencies = (
			);
			name = lab09;
			productName = lab09;
			productReference = C4D78503283DEBCC0044F7A0 /* lab09.app */;
			productType = "com.apple.product-type.application";
		};
		C4D78512283DEBCE0044F7A0 /* lab09Tests */ = {
			isa = PBXNativeTarget;
			buildConfigurationList = C4D7852A283DEBCE0044F7A0 /* Build configuration list for PBXNativeTarget "lab09Tests" */;
			buildPhases = (
				C4D7850F283DEBCE0044F7A0 /* Sources */,
				C4D78510283DEBCE0044F7A0 /* Frameworks */,
				C4D78511283DEBCE0044F7A0 /* Resources */,
			);
			buildRules = (
			);
			dependencies = (
				C4D78515283DEBCE0044F7A0 /* PBXTargetDependency */,
			);
			name = lab09Tests;
			productName = lab09Tests;
			productReference = C4D78513283DEBCE0044F7A0 /* lab09Tests.xctest */;
			productType = "com.apple.product-type.bundle.unit-test";
		};
		C4D7851C283DEBCE0044F7A0 /* lab09UITests */ = {
			isa = PBXNativeTarget;
			buildConfigurationList = C4D7852D283DEBCE0044F7A0 /* Build configuration list for PBXNativeTarget "lab09UITests" */;
			buildPhases = (
				C4D78519283DEBCE0044F7A0 /* Sources */,
				C4D7851A283DEBCE0044F7A0 /* Frameworks */,
				C4D7851B283DEBCE0044F7A0 /* Resources */,
			);
			buildRules = (
			);
			dependencies = (
				C4D7851F283DEBCE0044F7A0 /* PBXTargetDependency */,
			);
			name = lab09UITests;
			productName = lab09UITests;
			productReference = C4D7851D283DEBCE0044F7A0 /* lab09UITests.xctest */;
			productType = "com.apple.product-type.bundle.ui-testing";
		};
/* End PBXNativeTarget section */

/* Begin PBXProject section */
		C4D784FB283DEBCC0044F7A0 /* Project object */ = {
			isa = PBXProject;
			attributes = {
				BuildIndependentTargetsInParallel = 1;
				LastSwiftUpdateCheck = 1320;
				LastUpgradeCheck = 1320;
				TargetAttributes = {
					C4D78502283DEBCC0044F7A0 = {
						CreatedOnToolsVersion = 13.2.1;
					};
					C4D78512283DEBCE0044F7A0 = {
						CreatedOnToolsVersion = 13.2.1;
						TestTargetID = C4D78502283DEBCC0044F7A0;
					};
					C4D7851C283DEBCE0044F7A0 = {
						CreatedOnToolsVersion = 13.2.1;
						TestTargetID = C4D78502283DEBCC0044F7A0;
					};
				};
			};
			buildConfigurationList = C4D784FE283DEBCC0044F7A0 /* Build configuration list for PBXProject "lab09" */;
			compatibilityVersion = "Xcode 13.0";
			developmentRegion = en;
			hasScannedForEncodings = 0;
			knownRegions = (
				en,
				Base,
			);
			mainGroup = C4D784FA283DEBCC0044F7A0;
			productRefGroup = C4D78504283DEBCC0044F7A0 /* Products */;
			projectDirPath = "";
			projectRoot = "";
			targets = (
				C4D78502283DEBCC0044F7A0 /* lab09 */,
				C4D78512283DEBCE0044F7A0 /* lab09Tests */,
				C4D7851C283DEBCE0044F7A0 /* lab09UITests */,
			);
		};
/* End PBXProject section */

/* Begin PBXResourcesBuildPhase section */
		C4D78501283DEBCC0044F7A0 /* Resources */ = {
			isa = PBXResourcesBuildPhase;
			buildActionMask = 2147483647;
			files = (
				C4D7850E283DEBCE0044F7A0 /* Preview Assets.xcassets in Resources */,
				C4D7850B283DEBCE0044F7A0 /* Assets.xcassets in Resources */,
			);
			runOnlyForDeploymentPostprocessing = 0;
		};
		C4D78511283DEBCE0044F7A0 /* Resources */ = {
			isa = PBXResourcesBuildPhase;
			buildActionMask = 2147483647;
			files = (
			);
			runOnlyForDeploymentPostprocessing = 0;
		};
		C4D7851B283DEBCE0044F7A0 /* Resources */ = {
			isa = PBXResourcesBuildPhase;
			buildActionMask = 2147483647;
			files = (
			);
			runOnlyForDeploymentPostprocessing = 0;
		};
/* End PBXResourcesBuildPhase section */

/* Begin PBXSourcesBuildPhase section */
		C4D784FF283DEBCC0044F7A0 /* Sources */ = {
			isa = PBXSourcesBuildPhase;
			buildActionMask = 2147483647;
			files = (
				C4D78509283DEBCC0044F7A0 /* ContentView.swift in Sources */,
				C4D7853D283DF4B40044F7A0 /* DetailView.swift in Sources */,
				C4D7853B283DF0E70044F7A0 /* AddDetailView.swift in Sources */,
				C4D78507283DEBCC0044F7A0 /* lab09App.swift in Sources */,
			);
			runOnlyForDeploymentPostprocessing = 0;
		};
		C4D7850F283DEBCE0044F7A0 /* Sources */ = {
			isa = PBXSourcesBuildPhase;
			buildActionMask = 2147483647;
			files = (
				C4D78518283DEBCE0044F7A0 /* lab09Tests.swift in Sources */,
			);
			runOnlyForDeploymentPostprocessing = 0;
		};
		C4D78519283DEBCE0044F7A0 /* Sources */ = {
			isa = PBXSourcesBuildPhase;
			buildActionMask = 2147483647;
			files = (
				C4D78522283DEBCE0044F7A0 /* lab09UITests.swift in Sources */,
				C4D78524283DEBCE0044F7A0 /* lab09UITestsLaunchTests.swift in Sources */,
			);
			runOnlyForDeploymentPostprocessing = 0;
		};
/* End PBXSourcesBuildPhase section */

/* Begin PBXTargetDependency section */
		C4D78515283DEBCE0044F7A0 /* PBXTargetDependency */ = {
			isa = PBXTargetDependency;
			target = C4D78502283DEBCC0044F7A0 /* lab09 */;
			targetProxy = C4D78514283DEBCE0044F7A0 /* PBXContainerItemProxy */;
		};
		C4D7851F283DEBCE0044F7A0 /* PBXTargetDependency */ = {
			isa = PBXTargetDependency;
			target = C4D78502283DEBCC0044F7A0 /* lab09 */;
			targetProxy = C4D7851E283DEBCE0044F7A0 /* PBXContainerItemProxy */;
		};
/* End PBXTargetDependency section */

/* Begin XCBuildConfiguration section */
		C4D78525283DEBCE0044F7A0 /* Debug */ = {
			isa = XCBuildConfiguration;
			buildSettings = {
				ALWAYS_SEARCH_USER_PATHS = NO;
				CLANG_ANALYZER_NONNULL = YES;
				CLANG_ANALYZER_NUMBER_OBJECT_CONVERSION = YES_AGGRESSIVE;
				CLANG_CXX_LANGUAGE_STANDARD = "gnu++17";
				CLANG_CXX_LIBRARY = "libc++";
				CLANG_ENABLE_MODULES = YES;
				CLANG_ENABLE_OBJC_ARC = YES;
				CLANG_ENABLE_OBJC_WEAK = YES;
				CLANG_WARN_BLOCK_CAPTURE_AUTORELEASING = YES;
				CLANG_WARN_BOOL_CONVERSION = YES;
				CLANG_WARN_COMMA = YES;
				CLANG_WARN_CONSTANT_CONVERSION = YES;
				CLANG_WARN_DEPRECATED_OBJC_IMPLEMENTATIONS = YES;
				CLANG_WARN_DIRECT_OBJC_ISA_USAGE = YES_ERROR;
				CLANG_WARN_DOCUMENTATION_COMMENTS = YES;
				CLANG_WARN_EMPTY_BODY = YES;
				CLANG_WARN_ENUM_CONVERSION = YES;
				CLANG_WARN_INFINITE_RECURSION = YES;
				CLANG_WARN_INT_CONVERSION = YES;
				CLANG_WARN_NON_LITERAL_NULL_CONVERSION = YES;
				CLANG_WARN_OBJC_IMPLICIT_RETAIN_SELF = YES;
				CLANG_WARN_OBJC_LITERAL_CONVERSION = YES;
				CLANG_WARN_OBJC_ROOT_CLASS = YES_ERROR;
				CLANG_WARN_QUOTED_INCLUDE_IN_FRAMEWORK_HEADER = YES;
				CLANG_WARN_RANGE_LOOP_ANALYSIS = YES;
				CLANG_WARN_STRICT_PROTOTYPES = YES;
				CLANG_WARN_SUSPICIOUS_MOVE = YES;
				CLANG_WARN_UNGUARDED_AVAILABILITY = YES_AGGRESSIVE;
				CLANG_WARN_UNREACHABLE_CODE = YES;
				CLANG_WARN__DUPLICATE_METHOD_MATCH = YES;
				COPY_PHASE_STRIP = NO;
				DEBUG_INFORMATION_FORMAT = dwarf;
				ENABLE_STRICT_OBJC_MSGSEND = YES;
				ENABLE_TESTABILITY = YES;
				GCC_C_LANGUAGE_STANDARD = gnu11;
				GCC_DYNAMIC_NO_PIC = NO;
				GCC_NO_COMMON_BLOCKS = YES;
				GCC_OPTIMIZATION_LEVEL = 0;
				GCC_PREPROCESSOR_DEFINITIONS = (
					"DEBUG=1",
					"$(inherited)",
				);
				GCC_WARN_64_TO_32_BIT_CONVERSION = YES;
				GCC_WARN_ABOUT_RETURN_TYPE = YES_ERROR;
				GCC_WARN_UNDECLARED_SELECTOR = YES;
				GCC_WARN_UNINITIALIZED_AUTOS = YES_AGGRESSIVE;
				GCC_WARN_UNUSED_FUNCTION = YES;
				GCC_WARN_UNUSED_VARIABLE = YES;
				IPHONEOS_DEPLOYMENT_TARGET = 15.2;
				MTL_ENABLE_DEBUG_INFO = INCLUDE_SOURCE;
				MTL_FAST_MATH = YES;
				ONLY_ACTIVE_ARCH = YES;
				SDKROOT = iphoneos;
				SWIFT_ACTIVE_COMPILATION_CONDITIONS = DEBUG;
				SWIFT_OPTIMIZATION_LEVEL = "-Onone";
			};
			name = Debug;
		};
		C4D78526283DEBCE0044F7A0 /* Release */ = {
			isa = XCBuildConfiguration;
			buildSettings = {
				ALWAYS_SEARCH_USER_PATHS = NO;
				CLANG_ANALYZER_NONNULL = YES;
				CLANG_ANALYZER_NUMBER_OBJECT_CONVERSION = YES_AGGRESSIVE;
				CLANG_CXX_LANGUAGE_STANDARD = "gnu++17";
				CLANG_CXX_LIBRARY = "libc++";
				CLANG_ENABLE_MODULES = YES;
				CLANG_ENABLE_OBJC_ARC = YES;
				CLANG_ENABLE_OBJC_WEAK = YES;
				CLANG_WARN_BLOCK_CAPTURE_AUTORELEASING = YES;
				CLANG_WARN_BOOL_CONVERSION = YES;
				CLANG_WARN_COMMA = YES;
				CLANG_WARN_CONSTANT_CONVERSION = YES;
				CLANG_WARN_DEPRECATED_OBJC_IMPLEMENTATIONS = YES;
				CLANG_WARN_DIRECT_OBJC_ISA_USAGE = YES_ERROR;
				CLANG_WARN_DOCUMENTATION_COMMENTS = YES;
				CLANG_WARN_EMPTY_BODY = YES;
				CLANG_WARN_ENUM_CONVERSION = YES;
				CLANG_WARN_INFINITE_RECURSION = YES;
				CLANG_WARN_INT_CONVERSION = YES;
				CLANG_WARN_NON_LITERAL_NULL_CONVERSION = YES;
				CLANG_WARN_OBJC_IMPLICIT_RETAIN_SELF = YES;
				CLANG_WARN_OBJC_LITERAL_CONVERSION = YES;
				CLANG_WARN_OBJC_ROOT_CLASS = YES_ERROR;
				CLANG_WARN_QUOTED_INCLUDE_IN_FRAMEWORK_HEADER = YES;
				CLANG_WARN_RANGE_LOOP_ANALYSIS = YES;
				CLANG_WARN_STRICT_PROTOTYPES = YES;
				CLANG_WARN_SUSPICIOUS_MOVE = YES;
				CLANG_WARN_UNGUARDED_AVAILABILITY = YES_AGGRESSIVE;
				CLANG_WARN_UNREACHABLE_CODE = YES;
				CLANG_WARN__DUPLICATE_METHOD_MATCH = YES;
				COPY_PHASE_STRIP = NO;
				DEBUG_INFORMATION_FORMAT = "dwarf-with-dsym";
				ENABLE_NS_ASSERTIONS = NO;
				ENABLE_STRICT_OBJC_MSGSEND = YES;
				GCC_C_LANGUAGE_STANDARD = gnu11;
				GCC_NO_COMMON_BLOCKS = YES;
				GCC_WARN_64_TO_32_BIT_CONVERSION = YES;
				GCC_WARN_ABOUT_RETURN_TYPE = YES_ERROR;
				GCC_WARN_UNDECLARED_SELECTOR = YES;
				GCC_WARN_UNINITIALIZED_AUTOS = YES_AGGRESSIVE;
				GCC_WARN_UNUSED_FUNCTION = YES;
				GCC_WARN_UNUSED_VARIABLE = YES;
				IPHONEOS_DEPLOYMENT_TARGET = 15.2;
				MTL_ENABLE_DEBUG_INFO = NO;
				MTL_FAST_MATH = YES;
				SDKROOT = iphoneos;
				SWIFT_COMPILATION_MODE = wholemodule;
				SWIFT_OPTIMIZATION_LEVEL = "-O";
				VALIDATE_PRODUCT = YES;
			};
			name = Release;
		};
		C4D78528283DEBCE0044F7A0 /* Debug */ = {
			isa = XCBuildConfiguration;
			buildSettings = {
				ASSETCATALOG_COMPILER_APPICON_NAME = AppIcon;
				ASSETCATALOG_COMPILER_GLOBAL_ACCENT_COLOR_NAME = AccentColor;
				CODE_SIGN_STYLE = Automatic;
				CURRENT_PROJECT_VERSION = 1;
				DEVELOPMENT_ASSET_PATHS = "\"lab09/Preview Content\"";
				ENABLE_PREVIEWS = YES;
				GENERATE_INFOPLIST_FILE = YES;
				INFOPLIST_KEY_UIApplicationSceneManifest_Generation = YES;
				INFOPLIST_KEY_UIApplicationSupportsIndirectInputEvents = YES;
				INFOPLIST_KEY_UILaunchScreen_Generation = YES;
				INFOPLIST_KEY_UISupportedInterfaceOrientations_iPad = "UIInterfaceOrientationPortrait UIInterfaceOrientationPortraitUpsideDown UIInterfaceOrientationLandscapeLeft UIInterfaceOrientationLandscapeRight";
				INFOPLIST_KEY_UISupportedInterfaceOrientations_iPhone = "UIInterfaceOrientationPortrait UIInterfaceOrientationLandscapeLeft UIInterfaceOrientationLandscapeRight";
				LD_RUNPATH_SEARCH_PATHS = (
					"$(inherited)",
					"@executable_path/Frameworks",
				);
				MARKETING_VERSION = 1.0;
				PRODUCT_BUNDLE_IDENTIFIER = t108590025.lab09;
				PRODUCT_NAME = "$(TARGET_NAME)";
				SWIFT_EMIT_LOC_STRINGS = YES;
				SWIFT_VERSION = 5.0;
				TARGETED_DEVICE_FAMILY = "1,2";
			};
			name = Debug;
		};
		C4D78529283DEBCE0044F7A0 /* Release */ = {
			isa = XCBuildConfiguration;
			buildSettings = {
				ASSETCATALOG_COMPILER_APPICON_NAME = AppIcon;
				ASSETCATALOG_COMPILER_GLOBAL_ACCENT_COLOR_NAME = AccentColor;
				CODE_SIGN_STYLE = Automatic;
				CURRENT_PROJECT_VERSION = 1;
				DEVELOPMENT_ASSET_PATHS = "\"lab09/Preview Content\"";
				ENABLE_PREVIEWS = YES;
				GENERATE_INFOPLIST_FILE = YES;
				INFOPLIST_KEY_UIApplicationSceneManifest_Generation = YES;
				INFOPLIST_KEY_UIApplicationSupportsIndirectInputEvents = YES;
				INFOPLIST_KEY_UILaunchScreen_Generation = YES;
				INFOPLIST_KEY_UISupportedInterfaceOrientations_iPad = "UIInterfaceOrientationPortrait UIInterfaceOrientationPortraitUpsideDown UIInterfaceOrientationLandscapeLeft UIInterfaceOrientationLandscapeRight";
				INFOPLIST_KEY_UISupportedInterfaceOrientations_iPhone = "UIInterfaceOrientationPortrait UIInterfaceOrientationLandscapeLeft UIInterfaceOrientationLandscapeRight";
				LD_RUNPATH_SEARCH_PATHS = (
					"$(inherited)",
					"@executable_path/Frameworks",
				);
				MARKETING_VERSION = 1.0;
				PRODUCT_BUNDLE_IDENTIFIER = t108590025.lab09;
				PRODUCT_NAME = "$(TARGET_NAME)";
				SWIFT_EMIT_LOC_STRINGS = YES;
				SWIFT_VERSION = 5.0;
				TARGETED_DEVICE_FAMILY = "1,2";
			};
			name = Release;
		};
		C4D7852B283DEBCE0044F7A0 /* Debug */ = {
			isa = XCBuildConfiguration;
			buildSettings = {
				ALWAYS_EMBED_SWIFT_STANDARD_LIBRARIES = YES;
				BUNDLE_LOADER = "$(TEST_HOST)";
				CODE_SIGN_STYLE = Automatic;
				CURRENT_PROJECT_VERSION = 1;
				GENERATE_INFOPLIST_FILE = YES;
				IPHONEOS_DEPLOYMENT_TARGET = 15.2;
				MARKETING_VERSION = 1.0;
				PRODUCT_BUNDLE_IDENTIFIER = t108590025.lab09Tests;
				PRODUCT_NAME = "$(TARGET_NAME)";
				SWIFT_EMIT_LOC_STRINGS = NO;
				SWIFT_VERSION = 5.0;
				TARGETED_DEVICE_FAMILY = "1,2";
				TEST_HOST = "$(BUILT_PRODUCTS_DIR)/lab09.app/lab09";
			};
			name = Debug;
		};
		C4D7852C283DEBCE0044F7A0 /* Release */ = {
			isa = XCBuildConfiguration;
			buildSettings = {
				ALWAYS_EMBED_SWIFT_STANDARD_LIBRARIES = YES;
				BUNDLE_LOADER = "$(TEST_HOST)";
				CODE_SIGN_STYLE = Automatic;
				CURRENT_PROJECT_VERSION = 1;
				GENERATE_INFOPLIST_FILE = YES;
				IPHONEOS_DEPLOYMENT_TARGET = 15.2;
				MARKETING_VERSION = 1.0;
				PRODUCT_BUNDLE_IDENTIFIER = t108590025.lab09Tests;
				PRODUCT_NAME = "$(TARGET_NAME)";
				SWIFT_EMIT_LOC_STRINGS = NO;
				SWIFT_VERSION = 5.0;
				TARGETED_DEVICE_FAMILY = "1,2";
				TEST_HOST = "$(BUILT_PRODUCTS_DIR)/lab09.app/lab09";
			};
			name = Release;
		};
		C4D7852E283DEBCE0044F7A0 /* Debug */ = {
			isa = XCBuildConfiguration;
			buildSettings = {
				ALWAYS_EMBED_SWIFT_STANDARD_LIBRARIES = YES;
				CODE_SIGN_STYLE = Automatic;
				CURRENT_PROJECT_VERSION = 1;
				GENERATE_INFOPLIST_FILE = YES;
				MARKETING_VERSION = 1.0;
				PRODUCT_BUNDLE_IDENTIFIER = t108590025.lab09UITests;
				PRODUCT_NAME = "$(TARGET_NAME)";
				SWIFT_EMIT_LOC_STRINGS = NO;
				SWIFT_VERSION = 5.0;
				TARGETED_DEVICE_FAMILY = "1,2";
				TEST_TARGET_NAME = lab09;
			};
			name = Debug;
		};
		C4D7852F283DEBCE0044F7A0 /* Release */ = {
			isa = XCBuildConfiguration;
			buildSettings = {
				ALWAYS_EMBED_SWIFT_STANDARD_LIBRARIES = YES;
				CODE_SIGN_STYLE = Automatic;
				CURRENT_PROJECT_VERSION = 1;
				GENERATE_INFOPLIST_FILE = YES;
				MARKETING_VERSION = 1.0;
				PRODUCT_BUNDLE_IDENTIFIER = t108590025.lab09UITests;
				PRODUCT_NAME = "$(TARGET_NAME)";
				SWIFT_EMIT_LOC_STRINGS = NO;
				SWIFT_VERSION = 5.0;
				TARGETED_DEVICE_FAMILY = "1,2";
				TEST_TARGET_NAME = lab09;
			};
			name = Release;
		};
/* End XCBuildConfiguration section */

/* Begin XCConfigurationList section */
		C4D784FE283DEBCC0044F7A0 /* Build configuration list for PBXProject "lab09" */ = {
			isa = XCConfigurationList;
			buildConfigurations = (
				C4D78525283DEBCE0044F7A0 /* Debug */,
				C4D78526283DEBCE0044F7A0 /* Release */,
			);
			defaultConfigurationIsVisible = 0;
			defaultConfigurationName = Release;
		};
		C4D78527283DEBCE0044F7A0 /* Build configuration list for PBXNativeTarget "lab09" */ = {
			isa = XCConfigurationList;
			buildConfigurations = (
				C4D78528283DEBCE0044F7A0 /* Debug */,
				C4D78529283DEBCE0044F7A0 /* Release */,
			);
			defaultConfigurationIsVisible = 0;
			defaultConfigurationName = Release;
		};
		C4D7852A283DEBCE0044F7A0 /* Build configuration list for PBXNativeTarget "lab09Tests" */ = {
			isa = XCConfigurationList;
			buildConfigurations = (
				C4D7852B283DEBCE0044F7A0 /* Debug */,
				C4D7852C283DEBCE0044F7A0 /* Release */,
			);
			defaultConfigurationIsVisible = 0;
			defaultConfigurationName = Release;
		};
		C4D7852D283DEBCE0044F7A0 /* Build configuration list for PBXNativeTarget "lab09UITests" */ = {
			isa = XCConfigurationList;
			buildConfigurations = (
				C4D7852E283DEBCE0044F7A0 /* Debug */,
				C4D7852F283DEBCE0044F7A0 /* Release */,
			);
			defaultConfigurationIsVisible = 0;
			defaultConfigurationName = Release;
		};
/* End XCConfigurationList section */
	};
	rootObject = C4D784FB283DEBCC0044F7A0 /* Project object */;
}
