// !$*UTF8*$!
{
	archiveVersion = 1;
	classes = {
	};
	objectVersion = 55;
	objects = {

/* Begin PBXBuildFile section */
		C48A341728225CA700760D10 /* hw6_2App.swift in Sources */ = {isa = PBXBuildFile; fileRef = C48A341628225CA700760D10 /* hw6_2App.swift */; };
		C48A341928225CA700760D10 /* ContentView.swift in Sources */ = {isa = PBXBuildFile; fileRef = C48A341828225CA700760D10 /* ContentView.swift */; };
		C48A341B28225CA800760D10 /* Assets.xcassets in Resources */ = {isa = PBXBuildFile; fileRef = C48A341A28225CA800760D10 /* Assets.xcassets */; };
		C48A341E28225CA800760D10 /* Preview Assets.xcassets in Resources */ = {isa = PBXBuildFile; fileRef = C48A341D28225CA800760D10 /* Preview Assets.xcassets */; };
		C48A342828225CA800760D10 /* hw6_2Tests.swift in Sources */ = {isa = PBXBuildFile; fileRef = C48A342728225CA800760D10 /* hw6_2Tests.swift */; };
		C48A343228225CA800760D10 /* hw6_2UITests.swift in Sources */ = {isa = PBXBuildFile; fileRef = C48A343128225CA800760D10 /* hw6_2UITests.swift */; };
		C48A343428225CA800760D10 /* hw6_2UITestsLaunchTests.swift in Sources */ = {isa = PBXBuildFile; fileRef = C48A343328225CA800760D10 /* hw6_2UITestsLaunchTests.swift */; };
/* End PBXBuildFile section */

/* Begin PBXContainerItemProxy section */
		C48A342428225CA800760D10 /* PBXContainerItemProxy */ = {
			isa = PBXContainerItemProxy;
			containerPortal = C48A340B28225CA700760D10 /* Project object */;
			proxyType = 1;
			remoteGlobalIDString = C48A341228225CA700760D10;
			remoteInfo = hw6_2;
		};
		C48A342E28225CA800760D10 /* PBXContainerItemProxy */ = {
			isa = PBXContainerItemProxy;
			containerPortal = C48A340B28225CA700760D10 /* Project object */;
			proxyType = 1;
			remoteGlobalIDString = C48A341228225CA700760D10;
			remoteInfo = hw6_2;
		};
/* End PBXContainerItemProxy section */

/* Begin PBXFileReference section */
		C48A341328225CA700760D10 /* hw6_2.app */ = {isa = PBXFileReference; explicitFileType = wrapper.application; includeInIndex = 0; path = hw6_2.app; sourceTree = BUILT_PRODUCTS_DIR; };
		C48A341628225CA700760D10 /* hw6_2App.swift */ = {isa = PBXFileReference; lastKnownFileType = sourcecode.swift; path = hw6_2App.swift; sourceTree = "<group>"; };
		C48A341828225CA700760D10 /* ContentView.swift */ = {isa = PBXFileReference; lastKnownFileType = sourcecode.swift; path = ContentView.swift; sourceTree = "<group>"; };
		C48A341A28225CA800760D10 /* Assets.xcassets */ = {isa = PBXFileReference; lastKnownFileType = folder.assetcatalog; path = Assets.xcassets; sourceTree = "<group>"; };
		C48A341D28225CA800760D10 /* Preview Assets.xcassets */ = {isa = PBXFileReference; lastKnownFileType = folder.assetcatalog; path = "Preview Assets.xcassets"; sourceTree = "<group>"; };
		C48A342328225CA800760D10 /* hw6_2Tests.xctest */ = {isa = PBXFileReference; explicitFileType = wrapper.cfbundle; includeInIndex = 0; path = hw6_2Tests.xctest; sourceTree = BUILT_PRODUCTS_DIR; };
		C48A342728225CA800760D10 /* hw6_2Tests.swift */ = {isa = PBXFileReference; lastKnownFileType = sourcecode.swift; path = hw6_2Tests.swift; sourceTree = "<group>"; };
		C48A342D28225CA800760D10 /* hw6_2UITests.xctest */ = {isa = PBXFileReference; explicitFileType = wrapper.cfbundle; includeInIndex = 0; path = hw6_2UITests.xctest; sourceTree = BUILT_PRODUCTS_DIR; };
		C48A343128225CA800760D10 /* hw6_2UITests.swift */ = {isa = PBXFileReference; lastKnownFileType = sourcecode.swift; path = hw6_2UITests.swift; sourceTree = "<group>"; };
		C48A343328225CA800760D10 /* hw6_2UITestsLaunchTests.swift */ = {isa = PBXFileReference; lastKnownFileType = sourcecode.swift; path = hw6_2UITestsLaunchTests.swift; sourceTree = "<group>"; };
/* End PBXFileReference section */

/* Begin PBXFrameworksBuildPhase section */
		C48A341028225CA700760D10 /* Frameworks */ = {
			isa = PBXFrameworksBuildPhase;
			buildActionMask = 2147483647;
			files = (
			);
			runOnlyForDeploymentPostprocessing = 0;
		};
		C48A342028225CA800760D10 /* Frameworks */ = {
			isa = PBXFrameworksBuildPhase;
			buildActionMask = 2147483647;
			files = (
			);
			runOnlyForDeploymentPostprocessing = 0;
		};
		C48A342A28225CA800760D10 /* Frameworks */ = {
			isa = PBXFrameworksBuildPhase;
			buildActionMask = 2147483647;
			files = (
			);
			runOnlyForDeploymentPostprocessing = 0;
		};
/* End PBXFrameworksBuildPhase section */

/* Begin PBXGroup section */
		C48A340A28225CA700760D10 = {
			isa = PBXGroup;
			children = (
				C48A341528225CA700760D10 /* hw6_2 */,
				C48A342628225CA800760D10 /* hw6_2Tests */,
				C48A343028225CA800760D10 /* hw6_2UITests */,
				C48A341428225CA700760D10 /* Products */,
			);
			sourceTree = "<group>";
		};
		C48A341428225CA700760D10 /* Products */ = {
			isa = PBXGroup;
			children = (
				C48A341328225CA700760D10 /* hw6_2.app */,
				C48A342328225CA800760D10 /* hw6_2Tests.xctest */,
				C48A342D28225CA800760D10 /* hw6_2UITests.xctest */,
			);
			name = Products;
			sourceTree = "<group>";
		};
		C48A341528225CA700760D10 /* hw6_2 */ = {
			isa = PBXGroup;
			children = (
				C48A341628225CA700760D10 /* hw6_2App.swift */,
				C48A341828225CA700760D10 /* ContentView.swift */,
				C48A341A28225CA800760D10 /* Assets.xcassets */,
				C48A341C28225CA800760D10 /* Preview Content */,
			);
			path = hw6_2;
			sourceTree = "<group>";
		};
		C48A341C28225CA800760D10 /* Preview Content */ = {
			isa = PBXGroup;
			children = (
				C48A341D28225CA800760D10 /* Preview Assets.xcassets */,
			);
			path = "Preview Content";
			sourceTree = "<group>";
		};
		C48A342628225CA800760D10 /* hw6_2Tests */ = {
			isa = PBXGroup;
			children = (
				C48A342728225CA800760D10 /* hw6_2Tests.swift */,
			);
			path = hw6_2Tests;
			sourceTree = "<group>";
		};
		C48A343028225CA800760D10 /* hw6_2UITests */ = {
			isa = PBXGroup;
			children = (
				C48A343128225CA800760D10 /* hw6_2UITests.swift */,
				C48A343328225CA800760D10 /* hw6_2UITestsLaunchTests.swift */,
			);
			path = hw6_2UITests;
			sourceTree = "<group>";
		};
/* End PBXGroup section */

/* Begin PBXNativeTarget section */
		C48A341228225CA700760D10 /* hw6_2 */ = {
			isa = PBXNativeTarget;
			buildConfigurationList = C48A343728225CA800760D10 /* Build configuration list for PBXNativeTarget "hw6_2" */;
			buildPhases = (
				C48A340F28225CA700760D10 /* Sources */,
				C48A341028225CA700760D10 /* Frameworks */,
				C48A341128225CA700760D10 /* Resources */,
			);
			buildRules = (
			);
			dependencies = (
			);
			name = hw6_2;
			productName = hw6_2;
			productReference = C48A341328225CA700760D10 /* hw6_2.app */;
			productType = "com.apple.product-type.application";
		};
		C48A342228225CA800760D10 /* hw6_2Tests */ = {
			isa = PBXNativeTarget;
			buildConfigurationList = C48A343A28225CA800760D10 /* Build configuration list for PBXNativeTarget "hw6_2Tests" */;
			buildPhases = (
				C48A341F28225CA800760D10 /* Sources */,
				C48A342028225CA800760D10 /* Frameworks */,
				C48A342128225CA800760D10 /* Resources */,
			);
			buildRules = (
			);
			dependencies = (
				C48A342528225CA800760D10 /* PBXTargetDependency */,
			);
			name = hw6_2Tests;
			productName = hw6_2Tests;
			productReference = C48A342328225CA800760D10 /* hw6_2Tests.xctest */;
			productType = "com.apple.product-type.bundle.unit-test";
		};
		C48A342C28225CA800760D10 /* hw6_2UITests */ = {
			isa = PBXNativeTarget;
			buildConfigurationList = C48A343D28225CA800760D10 /* Build configuration list for PBXNativeTarget "hw6_2UITests" */;
			buildPhases = (
				C48A342928225CA800760D10 /* Sources */,
				C48A342A28225CA800760D10 /* Frameworks */,
				C48A342B28225CA800760D10 /* Resources */,
			);
			buildRules = (
			);
			dependencies = (
				C48A342F28225CA800760D10 /* PBXTargetDependency */,
			);
			name = hw6_2UITests;
			productName = hw6_2UITests;
			productReference = C48A342D28225CA800760D10 /* hw6_2UITests.xctest */;
			productType = "com.apple.product-type.bundle.ui-testing";
		};
/* End PBXNativeTarget section */

/* Begin PBXProject section */
		C48A340B28225CA700760D10 /* Project object */ = {
			isa = PBXProject;
			attributes = {
				BuildIndependentTargetsInParallel = 1;
				LastSwiftUpdateCheck = 1320;
				LastUpgradeCheck = 1320;
				TargetAttributes = {
					C48A341228225CA700760D10 = {
						CreatedOnToolsVersion = 13.2.1;
					};
					C48A342228225CA800760D10 = {
						CreatedOnToolsVersion = 13.2.1;
						TestTargetID = C48A341228225CA700760D10;
					};
					C48A342C28225CA800760D10 = {
						CreatedOnToolsVersion = 13.2.1;
						TestTargetID = C48A341228225CA700760D10;
					};
				};
			};
			buildConfigurationList = C48A340E28225CA700760D10 /* Build configuration list for PBXProject "hw6_2" */;
			compatibilityVersion = "Xcode 13.0";
			developmentRegion = en;
			hasScannedForEncodings = 0;
			knownRegions = (
				en,
				Base,
			);
			mainGroup = C48A340A28225CA700760D10;
			productRefGroup = C48A341428225CA700760D10 /* Products */;
			projectDirPath = "";
			projectRoot = "";
			targets = (
				C48A341228225CA700760D10 /* hw6_2 */,
				C48A342228225CA800760D10 /* hw6_2Tests */,
				C48A342C28225CA800760D10 /* hw6_2UITests */,
			);
		};
/* End PBXProject section */

/* Begin PBXResourcesBuildPhase section */
		C48A341128225CA700760D10 /* Resources */ = {
			isa = PBXResourcesBuildPhase;
			buildActionMask = 2147483647;
			files = (
				C48A341E28225CA800760D10 /* Preview Assets.xcassets in Resources */,
				C48A341B28225CA800760D10 /* Assets.xcassets in Resources */,
			);
			runOnlyForDeploymentPostprocessing = 0;
		};
		C48A342128225CA800760D10 /* Resources */ = {
			isa = PBXResourcesBuildPhase;
			buildActionMask = 2147483647;
			files = (
			);
			runOnlyForDeploymentPostprocessing = 0;
		};
		C48A342B28225CA800760D10 /* Resources */ = {
			isa = PBXResourcesBuildPhase;
			buildActionMask = 2147483647;
			files = (
			);
			runOnlyForDeploymentPostprocessing = 0;
		};
/* End PBXResourcesBuildPhase section */

/* Begin PBXSourcesBuildPhase section */
		C48A340F28225CA700760D10 /* Sources */ = {
			isa = PBXSourcesBuildPhase;
			buildActionMask = 2147483647;
			files = (
				C48A341928225CA700760D10 /* ContentView.swift in Sources */,
				C48A341728225CA700760D10 /* hw6_2App.swift in Sources */,
			);
			runOnlyForDeploymentPostprocessing = 0;
		};
		C48A341F28225CA800760D10 /* Sources */ = {
			isa = PBXSourcesBuildPhase;
			buildActionMask = 2147483647;
			files = (
				C48A342828225CA800760D10 /* hw6_2Tests.swift in Sources */,
			);
			runOnlyForDeploymentPostprocessing = 0;
		};
		C48A342928225CA800760D10 /* Sources */ = {
			isa = PBXSourcesBuildPhase;
			buildActionMask = 2147483647;
			files = (
				C48A343228225CA800760D10 /* hw6_2UITests.swift in Sources */,
				C48A343428225CA800760D10 /* hw6_2UITestsLaunchTests.swift in Sources */,
			);
			runOnlyForDeploymentPostprocessing = 0;
		};
/* End PBXSourcesBuildPhase section */

/* Begin PBXTargetDependency section */
		C48A342528225CA800760D10 /* PBXTargetDependency */ = {
			isa = PBXTargetDependency;
			target = C48A341228225CA700760D10 /* hw6_2 */;
			targetProxy = C48A342428225CA800760D10 /* PBXContainerItemProxy */;
		};
		C48A342F28225CA800760D10 /* PBXTargetDependency */ = {
			isa = PBXTargetDependency;
			target = C48A341228225CA700760D10 /* hw6_2 */;
			targetProxy = C48A342E28225CA800760D10 /* PBXContainerItemProxy */;
		};
/* End PBXTargetDependency section */

/* Begin XCBuildConfiguration section */
		C48A343528225CA800760D10 /* Debug */ = {
			isa = XCBuildConfiguration;
			buildSettings = {
				ALWAYS_SEARCH_USER_PATHS = NO;
				CLANG_ANALYZER_NONNULL = YES;
				CLANG_ANALYZER_NUMBER_OBJECT_CONVERSION = YES_AGGRESSIVE;
				CLANG_CXX_LANGUAGE_STANDARD = "gnu++17";
				CLANG_CXX_LIBRARY = "libc++";
				CLANG_ENABLE_MODULES = YES;
				CLANG_ENABLE_OBJC_ARC = YES;
				CLANG_ENABLE_OBJC_WEAK = YES;
				CLANG_WARN_BLOCK_CAPTURE_AUTORELEASING = YES;
				CLANG_WARN_BOOL_CONVERSION = YES;
				CLANG_WARN_COMMA = YES;
				CLANG_WARN_CONSTANT_CONVERSION = YES;
				CLANG_WARN_DEPRECATED_OBJC_IMPLEMENTATIONS = YES;
				CLANG_WARN_DIRECT_OBJC_ISA_USAGE = YES_ERROR;
				CLANG_WARN_DOCUMENTATION_COMMENTS = YES;
				CLANG_WARN_EMPTY_BODY = YES;
				CLANG_WARN_ENUM_CONVERSION = YES;
				CLANG_WARN_INFINITE_RECURSION = YES;
				CLANG_WARN_INT_CONVERSION = YES;
				CLANG_WARN_NON_LITERAL_NULL_CONVERSION = YES;
				CLANG_WARN_OBJC_IMPLICIT_RETAIN_SELF = YES;
				CLANG_WARN_OBJC_LITERAL_CONVERSION = YES;
				CLANG_WARN_OBJC_ROOT_CLASS = YES_ERROR;
				CLANG_WARN_QUOTED_INCLUDE_IN_FRAMEWORK_HEADER = YES;
				CLANG_WARN_RANGE_LOOP_ANALYSIS = YES;
				CLANG_WARN_STRICT_PROTOTYPES = YES;
				CLANG_WARN_SUSPICIOUS_MOVE = YES;
				CLANG_WARN_UNGUARDED_AVAILABILITY = YES_AGGRESSIVE;
				CLANG_WARN_UNREACHABLE_CODE = YES;
				CLANG_WARN__DUPLICATE_METHOD_MATCH = YES;
				COPY_PHASE_STRIP = NO;
				DEBUG_INFORMATION_FORMAT = dwarf;
				ENABLE_STRICT_OBJC_MSGSEND = YES;
				ENABLE_TESTABILITY = YES;
				GCC_C_LANGUAGE_STANDARD = gnu11;
				GCC_DYNAMIC_NO_PIC = NO;
				GCC_NO_COMMON_BLOCKS = YES;
				GCC_OPTIMIZATION_LEVEL = 0;
				GCC_PREPROCESSOR_DEFINITIONS = (
					"DEBUG=1",
					"$(inherited)",
				);
				GCC_WARN_64_TO_32_BIT_CONVERSION = YES;
				GCC_WARN_ABOUT_RETURN_TYPE = YES_ERROR;
				GCC_WARN_UNDECLARED_SELECTOR = YES;
				GCC_WARN_UNINITIALIZED_AUTOS = YES_AGGRESSIVE;
				GCC_WARN_UNUSED_FUNCTION = YES;
				GCC_WARN_UNUSED_VARIABLE = YES;
				IPHONEOS_DEPLOYMENT_TARGET = 15.2;
				MTL_ENABLE_DEBUG_INFO = INCLUDE_SOURCE;
				MTL_FAST_MATH = YES;
				ONLY_ACTIVE_ARCH = YES;
				SDKROOT = iphoneos;
				SWIFT_ACTIVE_COMPILATION_CONDITIONS = DEBUG;
				SWIFT_OPTIMIZATION_LEVEL = "-Onone";
			};
			name = Debug;
		};
		C48A343628225CA800760D10 /* Release */ = {
			isa = XCBuildConfiguration;
			buildSettings = {
				ALWAYS_SEARCH_USER_PATHS = NO;
				CLANG_ANALYZER_NONNULL = YES;
				CLANG_ANALYZER_NUMBER_OBJECT_CONVERSION = YES_AGGRESSIVE;
				CLANG_CXX_LANGUAGE_STANDARD = "gnu++17";
				CLANG_CXX_LIBRARY = "libc++";
				CLANG_ENABLE_MODULES = YES;
				CLANG_ENABLE_OBJC_ARC = YES;
				CLANG_ENABLE_OBJC_WEAK = YES;
				CLANG_WARN_BLOCK_CAPTURE_AUTORELEASING = YES;
				CLANG_WARN_BOOL_CONVERSION = YES;
				CLANG_WARN_COMMA = YES;
				CLANG_WARN_CONSTANT_CONVERSION = YES;
				CLANG_WARN_DEPRECATED_OBJC_IMPLEMENTATIONS = YES;
				CLANG_WARN_DIRECT_OBJC_ISA_USAGE = YES_ERROR;
				CLANG_WARN_DOCUMENTATION_COMMENTS = YES;
				CLANG_WARN_EMPTY_BODY = YES;
				CLANG_WARN_ENUM_CONVERSION = YES;
				CLANG_WARN_INFINITE_RECURSION = YES;
				CLANG_WARN_INT_CONVERSION = YES;
				CLANG_WARN_NON_LITERAL_NULL_CONVERSION = YES;
				CLANG_WARN_OBJC_IMPLICIT_RETAIN_SELF = YES;
				CLANG_WARN_OBJC_LITERAL_CONVERSION = YES;
				CLANG_WARN_OBJC_ROOT_CLASS = YES_ERROR;
				CLANG_WARN_QUOTED_INCLUDE_IN_FRAMEWORK_HEADER = YES;
				CLANG_WARN_RANGE_LOOP_ANALYSIS = YES;
				CLANG_WARN_STRICT_PROTOTYPES = YES;
				CLANG_WARN_SUSPICIOUS_MOVE = YES;
				CLANG_WARN_UNGUARDED_AVAILABILITY = YES_AGGRESSIVE;
				CLANG_WARN_UNREACHABLE_CODE = YES;
				CLANG_WARN__DUPLICATE_METHOD_MATCH = YES;
				COPY_PHASE_STRIP = NO;
				DEBUG_INFORMATION_FORMAT = "dwarf-with-dsym";
				ENABLE_NS_ASSERTIONS = NO;
				ENABLE_STRICT_OBJC_MSGSEND = YES;
				GCC_C_LANGUAGE_STANDARD = gnu11;
				GCC_NO_COMMON_BLOCKS = YES;
				GCC_WARN_64_TO_32_BIT_CONVERSION = YES;
				GCC_WARN_ABOUT_RETURN_TYPE = YES_ERROR;
				GCC_WARN_UNDECLARED_SELECTOR = YES;
				GCC_WARN_UNINITIALIZED_AUTOS = YES_AGGRESSIVE;
				GCC_WARN_UNUSED_FUNCTION = YES;
				GCC_WARN_UNUSED_VARIABLE = YES;
				IPHONEOS_DEPLOYMENT_TARGET = 15.2;
				MTL_ENABLE_DEBUG_INFO = NO;
				MTL_FAST_MATH = YES;
				SDKROOT = iphoneos;
				SWIFT_COMPILATION_MODE = wholemodule;
				SWIFT_OPTIMIZATION_LEVEL = "-O";
				VALIDATE_PRODUCT = YES;
			};
			name = Release;
		};
		C48A343828225CA800760D10 /* Debug */ = {
			isa = XCBuildConfiguration;
			buildSettings = {
				ASSETCATALOG_COMPILER_APPICON_NAME = AppIcon;
				ASSETCATALOG_COMPILER_GLOBAL_ACCENT_COLOR_NAME = AccentColor;
				CODE_SIGN_STYLE = Automatic;
				CURRENT_PROJECT_VERSION = 1;
				DEVELOPMENT_ASSET_PATHS = "\"hw6_2/Preview Content\"";
				ENABLE_PREVIEWS = YES;
				GENERATE_INFOPLIST_FILE = YES;
				INFOPLIST_KEY_UIApplicationSceneManifest_Generation = YES;
				INFOPLIST_KEY_UIApplicationSupportsIndirectInputEvents = YES;
				INFOPLIST_KEY_UILaunchScreen_Generation = YES;
				INFOPLIST_KEY_UISupportedInterfaceOrientations_iPad = "UIInterfaceOrientationPortrait UIInterfaceOrientationPortraitUpsideDown UIInterfaceOrientationLandscapeLeft UIInterfaceOrientationLandscapeRight";
				INFOPLIST_KEY_UISupportedInterfaceOrientations_iPhone = "UIInterfaceOrientationPortrait UIInterfaceOrientationLandscapeLeft UIInterfaceOrientationLandscapeRight";
				LD_RUNPATH_SEARCH_PATHS = (
					"$(inherited)",
					"@executable_path/Frameworks",
				);
				MARKETING_VERSION = 1.0;
				PRODUCT_BUNDLE_IDENTIFIER = "t108590025.hw6-2";
				PRODUCT_NAME = "$(TARGET_NAME)";
				SWIFT_EMIT_LOC_STRINGS = YES;
				SWIFT_VERSION = 5.0;
				TARGETED_DEVICE_FAMILY = "1,2";
			};
			name = Debug;
		};
		C48A343928225CA800760D10 /* Release */ = {
			isa = XCBuildConfiguration;
			buildSettings = {
				ASSETCATALOG_COMPILER_APPICON_NAME = AppIcon;
				ASSETCATALOG_COMPILER_GLOBAL_ACCENT_COLOR_NAME = AccentColor;
				CODE_SIGN_STYLE = Automatic;
				CURRENT_PROJECT_VERSION = 1;
				DEVELOPMENT_ASSET_PATHS = "\"hw6_2/Preview Content\"";
				ENABLE_PREVIEWS = YES;
				GENERATE_INFOPLIST_FILE = YES;
				INFOPLIST_KEY_UIApplicationSceneManifest_Generation = YES;
				INFOPLIST_KEY_UIApplicationSupportsIndirectInputEvents = YES;
				INFOPLIST_KEY_UILaunchScreen_Generation = YES;
				INFOPLIST_KEY_UISupportedInterfaceOrientations_iPad = "UIInterfaceOrientationPortrait UIInterfaceOrientationPortraitUpsideDown UIInterfaceOrientationLandscapeLeft UIInterfaceOrientationLandscapeRight";
				INFOPLIST_KEY_UISupportedInterfaceOrientations_iPhone = "UIInterfaceOrientationPortrait UIInterfaceOrientationLandscapeLeft UIInterfaceOrientationLandscapeRight";
				LD_RUNPATH_SEARCH_PATHS = (
					"$(inherited)",
					"@executable_path/Frameworks",
				);
				MARKETING_VERSION = 1.0;
				PRODUCT_BUNDLE_IDENTIFIER = "t108590025.hw6-2";
				PRODUCT_NAME = "$(TARGET_NAME)";
				SWIFT_EMIT_LOC_STRINGS = YES;
				SWIFT_VERSION = 5.0;
				TARGETED_DEVICE_FAMILY = "1,2";
			};
			name = Release;
		};
		C48A343B28225CA800760D10 /* Debug */ = {
			isa = XCBuildConfiguration;
			buildSettings = {
				ALWAYS_EMBED_SWIFT_STANDARD_LIBRARIES = YES;
				BUNDLE_LOADER = "$(TEST_HOST)";
				CODE_SIGN_STYLE = Automatic;
				CURRENT_PROJECT_VERSION = 1;
				GENERATE_INFOPLIST_FILE = YES;
				IPHONEOS_DEPLOYMENT_TARGET = 15.2;
				MARKETING_VERSION = 1.0;
				PRODUCT_BUNDLE_IDENTIFIER = "t108590025.hw6-2Tests";
				PRODUCT_NAME = "$(TARGET_NAME)";
				SWIFT_EMIT_LOC_STRINGS = NO;
				SWIFT_VERSION = 5.0;
				TARGETED_DEVICE_FAMILY = "1,2";
				TEST_HOST = "$(BUILT_PRODUCTS_DIR)/hw6_2.app/hw6_2";
			};
			name = Debug;
		};
		C48A343C28225CA800760D10 /* Release */ = {
			isa = XCBuildConfiguration;
			buildSettings = {
				ALWAYS_EMBED_SWIFT_STANDARD_LIBRARIES = YES;
				BUNDLE_LOADER = "$(TEST_HOST)";
				CODE_SIGN_STYLE = Automatic;
				CURRENT_PROJECT_VERSION = 1;
				GENERATE_INFOPLIST_FILE = YES;
				IPHONEOS_DEPLOYMENT_TARGET = 15.2;
				MARKETING_VERSION = 1.0;
				PRODUCT_BUNDLE_IDENTIFIER = "t108590025.hw6-2Tests";
				PRODUCT_NAME = "$(TARGET_NAME)";
				SWIFT_EMIT_LOC_STRINGS = NO;
				SWIFT_VERSION = 5.0;
				TARGETED_DEVICE_FAMILY = "1,2";
				TEST_HOST = "$(BUILT_PRODUCTS_DIR)/hw6_2.app/hw6_2";
			};
			name = Release;
		};
		C48A343E28225CA800760D10 /* Debug */ = {
			isa = XCBuildConfiguration;
			buildSettings = {
				ALWAYS_EMBED_SWIFT_STANDARD_LIBRARIES = YES;
				CODE_SIGN_STYLE = Automatic;
				CURRENT_PROJECT_VERSION = 1;
				GENERATE_INFOPLIST_FILE = YES;
				MARKETING_VERSION = 1.0;
				PRODUCT_BUNDLE_IDENTIFIER = "t108590025.hw6-2UITests";
				PRODUCT_NAME = "$(TARGET_NAME)";
				SWIFT_EMIT_LOC_STRINGS = NO;
				SWIFT_VERSION = 5.0;
				TARGETED_DEVICE_FAMILY = "1,2";
				TEST_TARGET_NAME = hw6_2;
			};
			name = Debug;
		};
		C48A343F28225CA800760D10 /* Release */ = {
			isa = XCBuildConfiguration;
			buildSettings = {
				ALWAYS_EMBED_SWIFT_STANDARD_LIBRARIES = YES;
				CODE_SIGN_STYLE = Automatic;
				CURRENT_PROJECT_VERSION = 1;
				GENERATE_INFOPLIST_FILE = YES;
				MARKETING_VERSION = 1.0;
				PRODUCT_BUNDLE_IDENTIFIER = "t108590025.hw6-2UITests";
				PRODUCT_NAME = "$(TARGET_NAME)";
				SWIFT_EMIT_LOC_STRINGS = NO;
				SWIFT_VERSION = 5.0;
				TARGETED_DEVICE_FAMILY = "1,2";
				TEST_TARGET_NAME = hw6_2;
			};
			name = Release;
		};
/* End XCBuildConfiguration section */

/* Begin XCConfigurationList section */
		C48A340E28225CA700760D10 /* Build configuration list for PBXProject "hw6_2" */ = {
			isa = XCConfigurationList;
			buildConfigurations = (
				C48A343528225CA800760D10 /* Debug */,
				C48A343628225CA800760D10 /* Release */,
			);
			defaultConfigurationIsVisible = 0;
			defaultConfigurationName = Release;
		};
		C48A343728225CA800760D10 /* Build configuration list for PBXNativeTarget "hw6_2" */ = {
			isa = XCConfigurationList;
			buildConfigurations = (
				C48A343828225CA800760D10 /* Debug */,
				C48A343928225CA800760D10 /* Release */,
			);
			defaultConfigurationIsVisible = 0;
			defaultConfigurationName = Release;
		};
		C48A343A28225CA800760D10 /* Build configuration list for PBXNativeTarget "hw6_2Tests" */ = {
			isa = XCConfigurationList;
			buildConfigurations = (
				C48A343B28225CA800760D10 /* Debug */,
				C48A343C28225CA800760D10 /* Release */,
			);
			defaultConfigurationIsVisible = 0;
			defaultConfigurationName = Release;
		};
		C48A343D28225CA800760D10 /* Build configuration list for PBXNativeTarget "hw6_2UITests" */ = {
			isa = XCConfigurationList;
			buildConfigurations = (
				C48A343E28225CA800760D10 /* Debug */,
				C48A343F28225CA800760D10 /* Release */,
			);
			defaultConfigurationIsVisible = 0;
			defaultConfigurationName = Release;
		};
/* End XCConfigurationList section */
	};
	rootObject = C48A340B28225CA700760D10 /* Project object */;
}
