// !$*UTF8*$!
{
	archiveVersion = 1;
	classes = {
	};
	objectVersion = 55;
	objects = {

/* Begin PBXBuildFile section */
		C4E8E8FB27CF496100AAFE7E /* AppDelegate.swift in Sources */ = {isa = PBXBuildFile; fileRef = C4E8E8FA27CF496100AAFE7E /* AppDelegate.swift */; };
		C4E8E8FD27CF496100AAFE7E /* SceneDelegate.swift in Sources */ = {isa = PBXBuildFile; fileRef = C4E8E8FC27CF496100AAFE7E /* SceneDelegate.swift */; };
		C4E8E8FF27CF496100AAFE7E /* ViewController.swift in Sources */ = {isa = PBXBuildFile; fileRef = C4E8E8FE27CF496100AAFE7E /* ViewController.swift */; };
		C4E8E90227CF496100AAFE7E /* Main.storyboard in Resources */ = {isa = PBXBuildFile; fileRef = C4E8E90027CF496100AAFE7E /* Main.storyboard */; };
		C4E8E90427CF496300AAFE7E /* Assets.xcassets in Resources */ = {isa = PBXBuildFile; fileRef = C4E8E90327CF496300AAFE7E /* Assets.xcassets */; };
		C4E8E90727CF496300AAFE7E /* LaunchScreen.storyboard in Resources */ = {isa = PBXBuildFile; fileRef = C4E8E90527CF496300AAFE7E /* LaunchScreen.storyboard */; };
		C4E8E91227CF496300AAFE7E /* BMITests.swift in Sources */ = {isa = PBXBuildFile; fileRef = C4E8E91127CF496300AAFE7E /* BMITests.swift */; };
		C4E8E91C27CF496300AAFE7E /* BMIUITests.swift in Sources */ = {isa = PBXBuildFile; fileRef = C4E8E91B27CF496300AAFE7E /* BMIUITests.swift */; };
		C4E8E91E27CF496300AAFE7E /* BMIUITestsLaunchTests.swift in Sources */ = {isa = PBXBuildFile; fileRef = C4E8E91D27CF496300AAFE7E /* BMIUITestsLaunchTests.swift */; };
/* End PBXBuildFile section */

/* Begin PBXContainerItemProxy section */
		C4E8E90E27CF496300AAFE7E /* PBXContainerItemProxy */ = {
			isa = PBXContainerItemProxy;
			containerPortal = C4E8E8EF27CF496100AAFE7E /* Project object */;
			proxyType = 1;
			remoteGlobalIDString = C4E8E8F627CF496100AAFE7E;
			remoteInfo = BMI;
		};
		C4E8E91827CF496300AAFE7E /* PBXContainerItemProxy */ = {
			isa = PBXContainerItemProxy;
			containerPortal = C4E8E8EF27CF496100AAFE7E /* Project object */;
			proxyType = 1;
			remoteGlobalIDString = C4E8E8F627CF496100AAFE7E;
			remoteInfo = BMI;
		};
/* End PBXContainerItemProxy section */

/* Begin PBXFileReference section */
		C4E8E8F727CF496100AAFE7E /* BMI.app */ = {isa = PBXFileReference; explicitFileType = wrapper.application; includeInIndex = 0; path = BMI.app; sourceTree = BUILT_PRODUCTS_DIR; };
		C4E8E8FA27CF496100AAFE7E /* AppDelegate.swift */ = {isa = PBXFileReference; lastKnownFileType = sourcecode.swift; path = AppDelegate.swift; sourceTree = "<group>"; };
		C4E8E8FC27CF496100AAFE7E /* SceneDelegate.swift */ = {isa = PBXFileReference; lastKnownFileType = sourcecode.swift; path = SceneDelegate.swift; sourceTree = "<group>"; };
		C4E8E8FE27CF496100AAFE7E /* ViewController.swift */ = {isa = PBXFileReference; lastKnownFileType = sourcecode.swift; path = ViewController.swift; sourceTree = "<group>"; };
		C4E8E90127CF496100AAFE7E /* Base */ = {isa = PBXFileReference; lastKnownFileType = file.storyboard; name = Base; path = Base.lproj/Main.storyboard; sourceTree = "<group>"; };
		C4E8E90327CF496300AAFE7E /* Assets.xcassets */ = {isa = PBXFileReference; lastKnownFileType = folder.assetcatalog; path = Assets.xcassets; sourceTree = "<group>"; };
		C4E8E90627CF496300AAFE7E /* Base */ = {isa = PBXFileReference; lastKnownFileType = file.storyboard; name = Base; path = Base.lproj/LaunchScreen.storyboard; sourceTree = "<group>"; };
		C4E8E90827CF496300AAFE7E /* Info.plist */ = {isa = PBXFileReference; lastKnownFileType = text.plist.xml; path = Info.plist; sourceTree = "<group>"; };
		C4E8E90D27CF496300AAFE7E /* BMITests.xctest */ = {isa = PBXFileReference; explicitFileType = wrapper.cfbundle; includeInIndex = 0; path = BMITests.xctest; sourceTree = BUILT_PRODUCTS_DIR; };
		C4E8E91127CF496300AAFE7E /* BMITests.swift */ = {isa = PBXFileReference; lastKnownFileType = sourcecode.swift; path = BMITests.swift; sourceTree = "<group>"; };
		C4E8E91727CF496300AAFE7E /* BMIUITests.xctest */ = {isa = PBXFileReference; explicitFileType = wrapper.cfbundle; includeInIndex = 0; path = BMIUITests.xctest; sourceTree = BUILT_PRODUCTS_DIR; };
		C4E8E91B27CF496300AAFE7E /* BMIUITests.swift */ = {isa = PBXFileReference; lastKnownFileType = sourcecode.swift; path = BMIUITests.swift; sourceTree = "<group>"; };
		C4E8E91D27CF496300AAFE7E /* BMIUITestsLaunchTests.swift */ = {isa = PBXFileReference; lastKnownFileType = sourcecode.swift; path = BMIUITestsLaunchTests.swift; sourceTree = "<group>"; };
/* End PBXFileReference section */

/* Begin PBXFrameworksBuildPhase section */
		C4E8E8F427CF496100AAFE7E /* Frameworks */ = {
			isa = PBXFrameworksBuildPhase;
			buildActionMask = 2147483647;
			files = (
			);
			runOnlyForDeploymentPostprocessing = 0;
		};
		C4E8E90A27CF496300AAFE7E /* Frameworks */ = {
			isa = PBXFrameworksBuildPhase;
			buildActionMask = 2147483647;
			files = (
			);
			runOnlyForDeploymentPostprocessing = 0;
		};
		C4E8E91427CF496300AAFE7E /* Frameworks */ = {
			isa = PBXFrameworksBuildPhase;
			buildActionMask = 2147483647;
			files = (
			);
			runOnlyForDeploymentPostprocessing = 0;
		};
/* End PBXFrameworksBuildPhase section */

/* Begin PBXGroup section */
		C4E8E8EE27CF496100AAFE7E = {
			isa = PBXGroup;
			children = (
				C4E8E8F927CF496100AAFE7E /* BMI */,
				C4E8E91027CF496300AAFE7E /* BMITests */,
				C4E8E91A27CF496300AAFE7E /* BMIUITests */,
				C4E8E8F827CF496100AAFE7E /* Products */,
			);
			sourceTree = "<group>";
		};
		C4E8E8F827CF496100AAFE7E /* Products */ = {
			isa = PBXGroup;
			children = (
				C4E8E8F727CF496100AAFE7E /* BMI.app */,
				C4E8E90D27CF496300AAFE7E /* BMITests.xctest */,
				C4E8E91727CF496300AAFE7E /* BMIUITests.xctest */,
			);
			name = Products;
			sourceTree = "<group>";
		};
		C4E8E8F927CF496100AAFE7E /* BMI */ = {
			isa = PBXGroup;
			children = (
				C4E8E8FA27CF496100AAFE7E /* AppDelegate.swift */,
				C4E8E8FC27CF496100AAFE7E /* SceneDelegate.swift */,
				C4E8E8FE27CF496100AAFE7E /* ViewController.swift */,
				C4E8E90027CF496100AAFE7E /* Main.storyboard */,
				C4E8E90327CF496300AAFE7E /* Assets.xcassets */,
				C4E8E90527CF496300AAFE7E /* LaunchScreen.storyboard */,
				C4E8E90827CF496300AAFE7E /* Info.plist */,
			);
			path = BMI;
			sourceTree = "<group>";
		};
		C4E8E91027CF496300AAFE7E /* BMITests */ = {
			isa = PBXGroup;
			children = (
				C4E8E91127CF496300AAFE7E /* BMITests.swift */,
			);
			path = BMITests;
			sourceTree = "<group>";
		};
		C4E8E91A27CF496300AAFE7E /* BMIUITests */ = {
			isa = PBXGroup;
			children = (
				C4E8E91B27CF496300AAFE7E /* BMIUITests.swift */,
				C4E8E91D27CF496300AAFE7E /* BMIUITestsLaunchTests.swift */,
			);
			path = BMIUITests;
			sourceTree = "<group>";
		};
/* End PBXGroup section */

/* Begin PBXNativeTarget section */
		C4E8E8F627CF496100AAFE7E /* BMI */ = {
			isa = PBXNativeTarget;
			buildConfigurationList = C4E8E92127CF496300AAFE7E /* Build configuration list for PBXNativeTarget "BMI" */;
			buildPhases = (
				C4E8E8F327CF496100AAFE7E /* Sources */,
				C4E8E8F427CF496100AAFE7E /* Frameworks */,
				C4E8E8F527CF496100AAFE7E /* Resources */,
			);
			buildRules = (
			);
			dependencies = (
			);
			name = BMI;
			productName = BMI;
			productReference = C4E8E8F727CF496100AAFE7E /* BMI.app */;
			productType = "com.apple.product-type.application";
		};
		C4E8E90C27CF496300AAFE7E /* BMITests */ = {
			isa = PBXNativeTarget;
			buildConfigurationList = C4E8E92427CF496300AAFE7E /* Build configuration list for PBXNativeTarget "BMITests" */;
			buildPhases = (
				C4E8E90927CF496300AAFE7E /* Sources */,
				C4E8E90A27CF496300AAFE7E /* Frameworks */,
				C4E8E90B27CF496300AAFE7E /* Resources */,
			);
			buildRules = (
			);
			dependencies = (
				C4E8E90F27CF496300AAFE7E /* PBXTargetDependency */,
			);
			name = BMITests;
			productName = BMITests;
			productReference = C4E8E90D27CF496300AAFE7E /* BMITests.xctest */;
			productType = "com.apple.product-type.bundle.unit-test";
		};
		C4E8E91627CF496300AAFE7E /* BMIUITests */ = {
			isa = PBXNativeTarget;
			buildConfigurationList = C4E8E92727CF496300AAFE7E /* Build configuration list for PBXNativeTarget "BMIUITests" */;
			buildPhases = (
				C4E8E91327CF496300AAFE7E /* Sources */,
				C4E8E91427CF496300AAFE7E /* Frameworks */,
				C4E8E91527CF496300AAFE7E /* Resources */,
			);
			buildRules = (
			);
			dependencies = (
				C4E8E91927CF496300AAFE7E /* PBXTargetDependency */,
			);
			name = BMIUITests;
			productName = BMIUITests;
			productReference = C4E8E91727CF496300AAFE7E /* BMIUITests.xctest */;
			productType = "com.apple.product-type.bundle.ui-testing";
		};
/* End PBXNativeTarget section */

/* Begin PBXProject section */
		C4E8E8EF27CF496100AAFE7E /* Project object */ = {
			isa = PBXProject;
			attributes = {
				BuildIndependentTargetsInParallel = 1;
				LastSwiftUpdateCheck = 1320;
				LastUpgradeCheck = 1320;
				TargetAttributes = {
					C4E8E8F627CF496100AAFE7E = {
						CreatedOnToolsVersion = 13.2.1;
					};
					C4E8E90C27CF496300AAFE7E = {
						CreatedOnToolsVersion = 13.2.1;
						TestTargetID = C4E8E8F627CF496100AAFE7E;
					};
					C4E8E91627CF496300AAFE7E = {
						CreatedOnToolsVersion = 13.2.1;
						TestTargetID = C4E8E8F627CF496100AAFE7E;
					};
				};
			};
			buildConfigurationList = C4E8E8F227CF496100AAFE7E /* Build configuration list for PBXProject "BMI" */;
			compatibilityVersion = "Xcode 13.0";
			developmentRegion = en;
			hasScannedForEncodings = 0;
			knownRegions = (
				en,
				Base,
			);
			mainGroup = C4E8E8EE27CF496100AAFE7E;
			productRefGroup = C4E8E8F827CF496100AAFE7E /* Products */;
			projectDirPath = "";
			projectRoot = "";
			targets = (
				C4E8E8F627CF496100AAFE7E /* BMI */,
				C4E8E90C27CF496300AAFE7E /* BMITests */,
				C4E8E91627CF496300AAFE7E /* BMIUITests */,
			);
		};
/* End PBXProject section */

/* Begin PBXResourcesBuildPhase section */
		C4E8E8F527CF496100AAFE7E /* Resources */ = {
			isa = PBXResourcesBuildPhase;
			buildActionMask = 2147483647;
			files = (
				C4E8E90727CF496300AAFE7E /* LaunchScreen.storyboard in Resources */,
				C4E8E90427CF496300AAFE7E /* Assets.xcassets in Resources */,
				C4E8E90227CF496100AAFE7E /* Main.storyboard in Resources */,
			);
			runOnlyForDeploymentPostprocessing = 0;
		};
		C4E8E90B27CF496300AAFE7E /* Resources */ = {
			isa = PBXResourcesBuildPhase;
			buildActionMask = 2147483647;
			files = (
			);
			runOnlyForDeploymentPostprocessing = 0;
		};
		C4E8E91527CF496300AAFE7E /* Resources */ = {
			isa = PBXResourcesBuildPhase;
			buildActionMask = 2147483647;
			files = (
			);
			runOnlyForDeploymentPostprocessing = 0;
		};
/* End PBXResourcesBuildPhase section */

/* Begin PBXSourcesBuildPhase section */
		C4E8E8F327CF496100AAFE7E /* Sources */ = {
			isa = PBXSourcesBuildPhase;
			buildActionMask = 2147483647;
			files = (
				C4E8E8FF27CF496100AAFE7E /* ViewController.swift in Sources */,
				C4E8E8FB27CF496100AAFE7E /* AppDelegate.swift in Sources */,
				C4E8E8FD27CF496100AAFE7E /* SceneDelegate.swift in Sources */,
			);
			runOnlyForDeploymentPostprocessing = 0;
		};
		C4E8E90927CF496300AAFE7E /* Sources */ = {
			isa = PBXSourcesBuildPhase;
			buildActionMask = 2147483647;
			files = (
				C4E8E91227CF496300AAFE7E /* BMITests.swift in Sources */,
			);
			runOnlyForDeploymentPostprocessing = 0;
		};
		C4E8E91327CF496300AAFE7E /* Sources */ = {
			isa = PBXSourcesBuildPhase;
			buildActionMask = 2147483647;
			files = (
				C4E8E91C27CF496300AAFE7E /* BMIUITests.swift in Sources */,
				C4E8E91E27CF496300AAFE7E /* BMIUITestsLaunchTests.swift in Sources */,
			);
			runOnlyForDeploymentPostprocessing = 0;
		};
/* End PBXSourcesBuildPhase section */

/* Begin PBXTargetDependency section */
		C4E8E90F27CF496300AAFE7E /* PBXTargetDependency */ = {
			isa = PBXTargetDependency;
			target = C4E8E8F627CF496100AAFE7E /* BMI */;
			targetProxy = C4E8E90E27CF496300AAFE7E /* PBXContainerItemProxy */;
		};
		C4E8E91927CF496300AAFE7E /* PBXTargetDependency */ = {
			isa = PBXTargetDependency;
			target = C4E8E8F627CF496100AAFE7E /* BMI */;
			targetProxy = C4E8E91827CF496300AAFE7E /* PBXContainerItemProxy */;
		};
/* End PBXTargetDependency section */

/* Begin PBXVariantGroup section */
		C4E8E90027CF496100AAFE7E /* Main.storyboard */ = {
			isa = PBXVariantGroup;
			children = (
				C4E8E90127CF496100AAFE7E /* Base */,
			);
			name = Main.storyboard;
			sourceTree = "<group>";
		};
		C4E8E90527CF496300AAFE7E /* LaunchScreen.storyboard */ = {
			isa = PBXVariantGroup;
			children = (
				C4E8E90627CF496300AAFE7E /* Base */,
			);
			name = LaunchScreen.storyboard;
			sourceTree = "<group>";
		};
/* End PBXVariantGroup section */

/* Begin XCBuildConfiguration section */
		C4E8E91F27CF496300AAFE7E /* Debug */ = {
			isa = XCBuildConfiguration;
			buildSettings = {
				ALWAYS_SEARCH_USER_PATHS = NO;
				CLANG_ANALYZER_NONNULL = YES;
				CLANG_ANALYZER_NUMBER_OBJECT_CONVERSION = YES_AGGRESSIVE;
				CLANG_CXX_LANGUAGE_STANDARD = "gnu++17";
				CLANG_CXX_LIBRARY = "libc++";
				CLANG_ENABLE_MODULES = YES;
				CLANG_ENABLE_OBJC_ARC = YES;
				CLANG_ENABLE_OBJC_WEAK = YES;
				CLANG_WARN_BLOCK_CAPTURE_AUTORELEASING = YES;
				CLANG_WARN_BOOL_CONVERSION = YES;
				CLANG_WARN_COMMA = YES;
				CLANG_WARN_CONSTANT_CONVERSION = YES;
				CLANG_WARN_DEPRECATED_OBJC_IMPLEMENTATIONS = YES;
				CLANG_WARN_DIRECT_OBJC_ISA_USAGE = YES_ERROR;
				CLANG_WARN_DOCUMENTATION_COMMENTS = YES;
				CLANG_WARN_EMPTY_BODY = YES;
				CLANG_WARN_ENUM_CONVERSION = YES;
				CLANG_WARN_INFINITE_RECURSION = YES;
				CLANG_WARN_INT_CONVERSION = YES;
				CLANG_WARN_NON_LITERAL_NULL_CONVERSION = YES;
				CLANG_WARN_OBJC_IMPLICIT_RETAIN_SELF = YES;
				CLANG_WARN_OBJC_LITERAL_CONVERSION = YES;
				CLANG_WARN_OBJC_ROOT_CLASS = YES_ERROR;
				CLANG_WARN_QUOTED_INCLUDE_IN_FRAMEWORK_HEADER = YES;
				CLANG_WARN_RANGE_LOOP_ANALYSIS = YES;
				CLANG_WARN_STRICT_PROTOTYPES = YES;
				CLANG_WARN_SUSPICIOUS_MOVE = YES;
				CLANG_WARN_UNGUARDED_AVAILABILITY = YES_AGGRESSIVE;
				CLANG_WARN_UNREACHABLE_CODE = YES;
				CLANG_WARN__DUPLICATE_METHOD_MATCH = YES;
				COPY_PHASE_STRIP = NO;
				DEBUG_INFORMATION_FORMAT = dwarf;
				ENABLE_STRICT_OBJC_MSGSEND = YES;
				ENABLE_TESTABILITY = YES;
				GCC_C_LANGUAGE_STANDARD = gnu11;
				GCC_DYNAMIC_NO_PIC = NO;
				GCC_NO_COMMON_BLOCKS = YES;
				GCC_OPTIMIZATION_LEVEL = 0;
				GCC_PREPROCESSOR_DEFINITIONS = (
					"DEBUG=1",
					"$(inherited)",
				);
				GCC_WARN_64_TO_32_BIT_CONVERSION = YES;
				GCC_WARN_ABOUT_RETURN_TYPE = YES_ERROR;
				GCC_WARN_UNDECLARED_SELECTOR = YES;
				GCC_WARN_UNINITIALIZED_AUTOS = YES_AGGRESSIVE;
				GCC_WARN_UNUSED_FUNCTION = YES;
				GCC_WARN_UNUSED_VARIABLE = YES;
				IPHONEOS_DEPLOYMENT_TARGET = 15.2;
				MTL_ENABLE_DEBUG_INFO = INCLUDE_SOURCE;
				MTL_FAST_MATH = YES;
				ONLY_ACTIVE_ARCH = YES;
				SDKROOT = iphoneos;
				SWIFT_ACTIVE_COMPILATION_CONDITIONS = DEBUG;
				SWIFT_OPTIMIZATION_LEVEL = "-Onone";
			};
			name = Debug;
		};
		C4E8E92027CF496300AAFE7E /* Release */ = {
			isa = XCBuildConfiguration;
			buildSettings = {
				ALWAYS_SEARCH_USER_PATHS = NO;
				CLANG_ANALYZER_NONNULL = YES;
				CLANG_ANALYZER_NUMBER_OBJECT_CONVERSION = YES_AGGRESSIVE;
				CLANG_CXX_LANGUAGE_STANDARD = "gnu++17";
				CLANG_CXX_LIBRARY = "libc++";
				CLANG_ENABLE_MODULES = YES;
				CLANG_ENABLE_OBJC_ARC = YES;
				CLANG_ENABLE_OBJC_WEAK = YES;
				CLANG_WARN_BLOCK_CAPTURE_AUTORELEASING = YES;
				CLANG_WARN_BOOL_CONVERSION = YES;
				CLANG_WARN_COMMA = YES;
				CLANG_WARN_CONSTANT_CONVERSION = YES;
				CLANG_WARN_DEPRECATED_OBJC_IMPLEMENTATIONS = YES;
				CLANG_WARN_DIRECT_OBJC_ISA_USAGE = YES_ERROR;
				CLANG_WARN_DOCUMENTATION_COMMENTS = YES;
				CLANG_WARN_EMPTY_BODY = YES;
				CLANG_WARN_ENUM_CONVERSION = YES;
				CLANG_WARN_INFINITE_RECURSION = YES;
				CLANG_WARN_INT_CONVERSION = YES;
				CLANG_WARN_NON_LITERAL_NULL_CONVERSION = YES;
				CLANG_WARN_OBJC_IMPLICIT_RETAIN_SELF = YES;
				CLANG_WARN_OBJC_LITERAL_CONVERSION = YES;
				CLANG_WARN_OBJC_ROOT_CLASS = YES_ERROR;
				CLANG_WARN_QUOTED_INCLUDE_IN_FRAMEWORK_HEADER = YES;
				CLANG_WARN_RANGE_LOOP_ANALYSIS = YES;
				CLANG_WARN_STRICT_PROTOTYPES = YES;
				CLANG_WARN_SUSPICIOUS_MOVE = YES;
				CLANG_WARN_UNGUARDED_AVAILABILITY = YES_AGGRESSIVE;
				CLANG_WARN_UNREACHABLE_CODE = YES;
				CLANG_WARN__DUPLICATE_METHOD_MATCH = YES;
				COPY_PHASE_STRIP = NO;
				DEBUG_INFORMATION_FORMAT = "dwarf-with-dsym";
				ENABLE_NS_ASSERTIONS = NO;
				ENABLE_STRICT_OBJC_MSGSEND = YES;
				GCC_C_LANGUAGE_STANDARD = gnu11;
				GCC_NO_COMMON_BLOCKS = YES;
				GCC_WARN_64_TO_32_BIT_CONVERSION = YES;
				GCC_WARN_ABOUT_RETURN_TYPE = YES_ERROR;
				GCC_WARN_UNDECLARED_SELECTOR = YES;
				GCC_WARN_UNINITIALIZED_AUTOS = YES_AGGRESSIVE;
				GCC_WARN_UNUSED_FUNCTION = YES;
				GCC_WARN_UNUSED_VARIABLE = YES;
				IPHONEOS_DEPLOYMENT_TARGET = 15.2;
				MTL_ENABLE_DEBUG_INFO = NO;
				MTL_FAST_MATH = YES;
				SDKROOT = iphoneos;
				SWIFT_COMPILATION_MODE = wholemodule;
				SWIFT_OPTIMIZATION_LEVEL = "-O";
				VALIDATE_PRODUCT = YES;
			};
			name = Release;
		};
		C4E8E92227CF496300AAFE7E /* Debug */ = {
			isa = XCBuildConfiguration;
			buildSettings = {
				ASSETCATALOG_COMPILER_APPICON_NAME = AppIcon;
				ASSETCATALOG_COMPILER_GLOBAL_ACCENT_COLOR_NAME = AccentColor;
				CODE_SIGN_STYLE = Automatic;
				CURRENT_PROJECT_VERSION = 1;
				GENERATE_INFOPLIST_FILE = YES;
				INFOPLIST_FILE = BMI/Info.plist;
				INFOPLIST_KEY_UIApplicationSupportsIndirectInputEvents = YES;
				INFOPLIST_KEY_UILaunchStoryboardName = LaunchScreen;
				INFOPLIST_KEY_UIMainStoryboardFile = Main;
				INFOPLIST_KEY_UISupportedInterfaceOrientations_iPad = "UIInterfaceOrientationPortrait UIInterfaceOrientationPortraitUpsideDown UIInterfaceOrientationLandscapeLeft UIInterfaceOrientationLandscapeRight";
				INFOPLIST_KEY_UISupportedInterfaceOrientations_iPhone = "UIInterfaceOrientationPortrait UIInterfaceOrientationLandscapeLeft UIInterfaceOrientationLandscapeRight";
				LD_RUNPATH_SEARCH_PATHS = (
					"$(inherited)",
					"@executable_path/Frameworks",
				);
				MARKETING_VERSION = 1.0;
				PRODUCT_BUNDLE_IDENTIFIER = t108590025.BMI;
				PRODUCT_NAME = "$(TARGET_NAME)";
				SWIFT_EMIT_LOC_STRINGS = YES;
				SWIFT_VERSION = 5.0;
				TARGETED_DEVICE_FAMILY = "1,2";
			};
			name = Debug;
		};
		C4E8E92327CF496300AAFE7E /* Release */ = {
			isa = XCBuildConfiguration;
			buildSettings = {
				ASSETCATALOG_COMPILER_APPICON_NAME = AppIcon;
				ASSETCATALOG_COMPILER_GLOBAL_ACCENT_COLOR_NAME = AccentColor;
				CODE_SIGN_STYLE = Automatic;
				CURRENT_PROJECT_VERSION = 1;
				GENERATE_INFOPLIST_FILE = YES;
				INFOPLIST_FILE = BMI/Info.plist;
				INFOPLIST_KEY_UIApplicationSupportsIndirectInputEvents = YES;
				INFOPLIST_KEY_UILaunchStoryboardName = LaunchScreen;
				INFOPLIST_KEY_UIMainStoryboardFile = Main;
				INFOPLIST_KEY_UISupportedInterfaceOrientations_iPad = "UIInterfaceOrientationPortrait UIInterfaceOrientationPortraitUpsideDown UIInterfaceOrientationLandscapeLeft UIInterfaceOrientationLandscapeRight";
				INFOPLIST_KEY_UISupportedInterfaceOrientations_iPhone = "UIInterfaceOrientationPortrait UIInterfaceOrientationLandscapeLeft UIInterfaceOrientationLandscapeRight";
				LD_RUNPATH_SEARCH_PATHS = (
					"$(inherited)",
					"@executable_path/Frameworks",
				);
				MARKETING_VERSION = 1.0;
				PRODUCT_BUNDLE_IDENTIFIER = t108590025.BMI;
				PRODUCT_NAME = "$(TARGET_NAME)";
				SWIFT_EMIT_LOC_STRINGS = YES;
				SWIFT_VERSION = 5.0;
				TARGETED_DEVICE_FAMILY = "1,2";
			};
			name = Release;
		};
		C4E8E92527CF496300AAFE7E /* Debug */ = {
			isa = XCBuildConfiguration;
			buildSettings = {
				ALWAYS_EMBED_SWIFT_STANDARD_LIBRARIES = YES;
				BUNDLE_LOADER = "$(TEST_HOST)";
				CODE_SIGN_STYLE = Automatic;
				CURRENT_PROJECT_VERSION = 1;
				GENERATE_INFOPLIST_FILE = YES;
				IPHONEOS_DEPLOYMENT_TARGET = 15.2;
				MARKETING_VERSION = 1.0;
				PRODUCT_BUNDLE_IDENTIFIER = t108590025.BMITests;
				PRODUCT_NAME = "$(TARGET_NAME)";
				SWIFT_EMIT_LOC_STRINGS = NO;
				SWIFT_VERSION = 5.0;
				TARGETED_DEVICE_FAMILY = "1,2";
				TEST_HOST = "$(BUILT_PRODUCTS_DIR)/BMI.app/BMI";
			};
			name = Debug;
		};
		C4E8E92627CF496300AAFE7E /* Release */ = {
			isa = XCBuildConfiguration;
			buildSettings = {
				ALWAYS_EMBED_SWIFT_STANDARD_LIBRARIES = YES;
				BUNDLE_LOADER = "$(TEST_HOST)";
				CODE_SIGN_STYLE = Automatic;
				CURRENT_PROJECT_VERSION = 1;
				GENERATE_INFOPLIST_FILE = YES;
				IPHONEOS_DEPLOYMENT_TARGET = 15.2;
				MARKETING_VERSION = 1.0;
				PRODUCT_BUNDLE_IDENTIFIER = t108590025.BMITests;
				PRODUCT_NAME = "$(TARGET_NAME)";
				SWIFT_EMIT_LOC_STRINGS = NO;
				SWIFT_VERSION = 5.0;
				TARGETED_DEVICE_FAMILY = "1,2";
				TEST_HOST = "$(BUILT_PRODUCTS_DIR)/BMI.app/BMI";
			};
			name = Release;
		};
		C4E8E92827CF496300AAFE7E /* Debug */ = {
			isa = XCBuildConfiguration;
			buildSettings = {
				ALWAYS_EMBED_SWIFT_STANDARD_LIBRARIES = YES;
				CODE_SIGN_STYLE = Automatic;
				CURRENT_PROJECT_VERSION = 1;
				GENERATE_INFOPLIST_FILE = YES;
				MARKETING_VERSION = 1.0;
				PRODUCT_BUNDLE_IDENTIFIER = t108590025.BMIUITests;
				PRODUCT_NAME = "$(TARGET_NAME)";
				SWIFT_EMIT_LOC_STRINGS = NO;
				SWIFT_VERSION = 5.0;
				TARGETED_DEVICE_FAMILY = "1,2";
				TEST_TARGET_NAME = BMI;
			};
			name = Debug;
		};
		C4E8E92927CF496300AAFE7E /* Release */ = {
			isa = XCBuildConfiguration;
			buildSettings = {
				ALWAYS_EMBED_SWIFT_STANDARD_LIBRARIES = YES;
				CODE_SIGN_STYLE = Automatic;
				CURRENT_PROJECT_VERSION = 1;
				GENERATE_INFOPLIST_FILE = YES;
				MARKETING_VERSION = 1.0;
				PRODUCT_BUNDLE_IDENTIFIER = t108590025.BMIUITests;
				PRODUCT_NAME = "$(TARGET_NAME)";
				SWIFT_EMIT_LOC_STRINGS = NO;
				SWIFT_VERSION = 5.0;
				TARGETED_DEVICE_FAMILY = "1,2";
				TEST_TARGET_NAME = BMI;
			};
			name = Release;
		};
/* End XCBuildConfiguration section */

/* Begin XCConfigurationList section */
		C4E8E8F227CF496100AAFE7E /* Build configuration list for PBXProject "BMI" */ = {
			isa = XCConfigurationList;
			buildConfigurations = (
				C4E8E91F27CF496300AAFE7E /* Debug */,
				C4E8E92027CF496300AAFE7E /* Release */,
			);
			defaultConfigurationIsVisible = 0;
			defaultConfigurationName = Release;
		};
		C4E8E92127CF496300AAFE7E /* Build configuration list for PBXNativeTarget "BMI" */ = {
			isa = XCConfigurationList;
			buildConfigurations = (
				C4E8E92227CF496300AAFE7E /* Debug */,
				C4E8E92327CF496300AAFE7E /* Release */,
			);
			defaultConfigurationIsVisible = 0;
			defaultConfigurationName = Release;
		};
		C4E8E92427CF496300AAFE7E /* Build configuration list for PBXNativeTarget "BMITests" */ = {
			isa = XCConfigurationList;
			buildConfigurations = (
				C4E8E92527CF496300AAFE7E /* Debug */,
				C4E8E92627CF496300AAFE7E /* Release */,
			);
			defaultConfigurationIsVisible = 0;
			defaultConfigurationName = Release;
		};
		C4E8E92727CF496300AAFE7E /* Build configuration list for PBXNativeTarget "BMIUITests" */ = {
			isa = XCConfigurationList;
			buildConfigurations = (
				C4E8E92827CF496300AAFE7E /* Debug */,
				C4E8E92927CF496300AAFE7E /* Release */,
			);
			defaultConfigurationIsVisible = 0;
			defaultConfigurationName = Release;
		};
/* End XCConfigurationList section */
	};
	rootObject = C4E8E8EF27CF496100AAFE7E /* Project object */;
}
